// !$*UTF8*$!
{
	archiveVersion = 1;
	classes = {
	};
	objectVersion = 46;
	objects = {

/* Begin PBXBuildFile section */
		3BE270111CDC81F80056C045 /* TA_libWrapper.h in CopyFiles */ = {isa = PBXBuildFile; fileRef = 3BE270101CDC81F80056C045 /* TA_libWrapper.h */; };
		3BE270131CDC81F80056C045 /* TA_libWrapper.m in Sources */ = {isa = PBXBuildFile; fileRef = 3BE270121CDC81F80056C045 /* TA_libWrapper.m */; };
		3BE270CD1CDC823A0056C045 /* ta_global.c in Sources */ = {isa = PBXBuildFile; fileRef = 3BE270221CDC823A0056C045 /* ta_global.c */; };
		3BE270CE1CDC823A0056C045 /* ta_retcode.c in Sources */ = {isa = PBXBuildFile; fileRef = 3BE270271CDC823A0056C045 /* ta_retcode.c */; };
		3BE270CF1CDC823A0056C045 /* ta_version.c in Sources */ = {isa = PBXBuildFile; fileRef = 3BE270291CDC823A0056C045 /* ta_version.c */; };
		3BE270D01CDC823A0056C045 /* ta_ACOS.c in Sources */ = {isa = PBXBuildFile; fileRef = 3BE2702B1CDC823A0056C045 /* ta_ACOS.c */; };
		3BE270D11CDC823A0056C045 /* ta_AD.c in Sources */ = {isa = PBXBuildFile; fileRef = 3BE2702C1CDC823A0056C045 /* ta_AD.c */; };
		3BE270D21CDC823A0056C045 /* ta_ADD.c in Sources */ = {isa = PBXBuildFile; fileRef = 3BE2702D1CDC823A0056C045 /* ta_ADD.c */; };
		3BE270D31CDC823A0056C045 /* ta_ADOSC.c in Sources */ = {isa = PBXBuildFile; fileRef = 3BE2702E1CDC823A0056C045 /* ta_ADOSC.c */; };
		3BE270D41CDC823A0056C045 /* ta_ADX.c in Sources */ = {isa = PBXBuildFile; fileRef = 3BE2702F1CDC823A0056C045 /* ta_ADX.c */; };
		3BE270D51CDC823A0056C045 /* ta_ADXR.c in Sources */ = {isa = PBXBuildFile; fileRef = 3BE270301CDC823A0056C045 /* ta_ADXR.c */; };
		3BE270D61CDC823A0056C045 /* ta_APO.c in Sources */ = {isa = PBXBuildFile; fileRef = 3BE270311CDC823A0056C045 /* ta_APO.c */; };
		3BE270D71CDC823A0056C045 /* ta_AROON.c in Sources */ = {isa = PBXBuildFile; fileRef = 3BE270321CDC823A0056C045 /* ta_AROON.c */; };
		3BE270D81CDC823A0056C045 /* ta_AROONOSC.c in Sources */ = {isa = PBXBuildFile; fileRef = 3BE270331CDC823A0056C045 /* ta_AROONOSC.c */; };
		3BE270D91CDC823A0056C045 /* ta_ASIN.c in Sources */ = {isa = PBXBuildFile; fileRef = 3BE270341CDC823A0056C045 /* ta_ASIN.c */; };
		3BE270DA1CDC823A0056C045 /* ta_ATAN.c in Sources */ = {isa = PBXBuildFile; fileRef = 3BE270351CDC823A0056C045 /* ta_ATAN.c */; };
		3BE270DB1CDC823A0056C045 /* ta_ATR.c in Sources */ = {isa = PBXBuildFile; fileRef = 3BE270361CDC823A0056C045 /* ta_ATR.c */; };
		3BE270DC1CDC823A0056C045 /* ta_AVGPRICE.c in Sources */ = {isa = PBXBuildFile; fileRef = 3BE270371CDC823A0056C045 /* ta_AVGPRICE.c */; };
		3BE270DD1CDC823A0056C045 /* ta_BBANDS.c in Sources */ = {isa = PBXBuildFile; fileRef = 3BE270381CDC823A0056C045 /* ta_BBANDS.c */; };
		3BE270DE1CDC823A0056C045 /* ta_BETA.c in Sources */ = {isa = PBXBuildFile; fileRef = 3BE270391CDC823A0056C045 /* ta_BETA.c */; };
		3BE270DF1CDC823A0056C045 /* ta_BOP.c in Sources */ = {isa = PBXBuildFile; fileRef = 3BE2703A1CDC823A0056C045 /* ta_BOP.c */; };
		3BE270E01CDC823A0056C045 /* ta_CCI.c in Sources */ = {isa = PBXBuildFile; fileRef = 3BE2703B1CDC823A0056C045 /* ta_CCI.c */; };
		3BE270E11CDC823A0056C045 /* ta_CDL2CROWS.c in Sources */ = {isa = PBXBuildFile; fileRef = 3BE2703C1CDC823A0056C045 /* ta_CDL2CROWS.c */; };
		3BE270E21CDC823A0056C045 /* ta_CDL3BLACKCROWS.c in Sources */ = {isa = PBXBuildFile; fileRef = 3BE2703D1CDC823A0056C045 /* ta_CDL3BLACKCROWS.c */; };
		3BE270E31CDC823A0056C045 /* ta_CDL3INSIDE.c in Sources */ = {isa = PBXBuildFile; fileRef = 3BE2703E1CDC823A0056C045 /* ta_CDL3INSIDE.c */; };
		3BE270E41CDC823A0056C045 /* ta_CDL3LINESTRIKE.c in Sources */ = {isa = PBXBuildFile; fileRef = 3BE2703F1CDC823A0056C045 /* ta_CDL3LINESTRIKE.c */; };
		3BE270E51CDC823A0056C045 /* ta_CDL3OUTSIDE.c in Sources */ = {isa = PBXBuildFile; fileRef = 3BE270401CDC823A0056C045 /* ta_CDL3OUTSIDE.c */; };
		3BE270E61CDC823A0056C045 /* ta_CDL3STARSINSOUTH.c in Sources */ = {isa = PBXBuildFile; fileRef = 3BE270411CDC823A0056C045 /* ta_CDL3STARSINSOUTH.c */; };
		3BE270E71CDC823A0056C045 /* ta_CDL3WHITESOLDIERS.c in Sources */ = {isa = PBXBuildFile; fileRef = 3BE270421CDC823A0056C045 /* ta_CDL3WHITESOLDIERS.c */; };
		3BE270E81CDC823A0056C045 /* ta_CDLABANDONEDBABY.c in Sources */ = {isa = PBXBuildFile; fileRef = 3BE270431CDC823A0056C045 /* ta_CDLABANDONEDBABY.c */; };
		3BE270E91CDC823A0056C045 /* ta_CDLADVANCEBLOCK.c in Sources */ = {isa = PBXBuildFile; fileRef = 3BE270441CDC823A0056C045 /* ta_CDLADVANCEBLOCK.c */; };
		3BE270EA1CDC823A0056C045 /* ta_CDLBELTHOLD.c in Sources */ = {isa = PBXBuildFile; fileRef = 3BE270451CDC823A0056C045 /* ta_CDLBELTHOLD.c */; };
		3BE270EB1CDC823A0056C045 /* ta_CDLBREAKAWAY.c in Sources */ = {isa = PBXBuildFile; fileRef = 3BE270461CDC823A0056C045 /* ta_CDLBREAKAWAY.c */; };
		3BE270EC1CDC823A0056C045 /* ta_CDLCLOSINGMARUBOZU.c in Sources */ = {isa = PBXBuildFile; fileRef = 3BE270471CDC823A0056C045 /* ta_CDLCLOSINGMARUBOZU.c */; };
		3BE270ED1CDC823A0056C045 /* ta_CDLCONCEALBABYSWALL.c in Sources */ = {isa = PBXBuildFile; fileRef = 3BE270481CDC823A0056C045 /* ta_CDLCONCEALBABYSWALL.c */; };
		3BE270EE1CDC823A0056C045 /* ta_CDLCOUNTERATTACK.c in Sources */ = {isa = PBXBuildFile; fileRef = 3BE270491CDC823A0056C045 /* ta_CDLCOUNTERATTACK.c */; };
		3BE270EF1CDC823A0056C045 /* ta_CDLDARKCLOUDCOVER.c in Sources */ = {isa = PBXBuildFile; fileRef = 3BE2704A1CDC823A0056C045 /* ta_CDLDARKCLOUDCOVER.c */; };
		3BE270F01CDC823A0056C045 /* ta_CDLDOJI.c in Sources */ = {isa = PBXBuildFile; fileRef = 3BE2704B1CDC823A0056C045 /* ta_CDLDOJI.c */; };
		3BE270F11CDC823A0056C045 /* ta_CDLDOJISTAR.c in Sources */ = {isa = PBXBuildFile; fileRef = 3BE2704C1CDC823A0056C045 /* ta_CDLDOJISTAR.c */; };
		3BE270F21CDC823A0056C045 /* ta_CDLDRAGONFLYDOJI.c in Sources */ = {isa = PBXBuildFile; fileRef = 3BE2704D1CDC823A0056C045 /* ta_CDLDRAGONFLYDOJI.c */; };
		3BE270F31CDC823A0056C045 /* ta_CDLENGULFING.c in Sources */ = {isa = PBXBuildFile; fileRef = 3BE2704E1CDC823A0056C045 /* ta_CDLENGULFING.c */; };
		3BE270F41CDC823A0056C045 /* ta_CDLEVENINGDOJISTAR.c in Sources */ = {isa = PBXBuildFile; fileRef = 3BE2704F1CDC823A0056C045 /* ta_CDLEVENINGDOJISTAR.c */; };
		3BE270F51CDC823A0056C045 /* ta_CDLEVENINGSTAR.c in Sources */ = {isa = PBXBuildFile; fileRef = 3BE270501CDC823A0056C045 /* ta_CDLEVENINGSTAR.c */; };
		3BE270F61CDC823A0056C045 /* ta_CDLGAPSIDESIDEWHITE.c in Sources */ = {isa = PBXBuildFile; fileRef = 3BE270511CDC823A0056C045 /* ta_CDLGAPSIDESIDEWHITE.c */; };
		3BE270F71CDC823A0056C045 /* ta_CDLGRAVESTONEDOJI.c in Sources */ = {isa = PBXBuildFile; fileRef = 3BE270521CDC823A0056C045 /* ta_CDLGRAVESTONEDOJI.c */; };
		3BE270F81CDC823A0056C045 /* ta_CDLHAMMER.c in Sources */ = {isa = PBXBuildFile; fileRef = 3BE270531CDC823A0056C045 /* ta_CDLHAMMER.c */; };
		3BE270F91CDC823A0056C045 /* ta_CDLHANGINGMAN.c in Sources */ = {isa = PBXBuildFile; fileRef = 3BE270541CDC823A0056C045 /* ta_CDLHANGINGMAN.c */; };
		3BE270FA1CDC823A0056C045 /* ta_CDLHARAMI.c in Sources */ = {isa = PBXBuildFile; fileRef = 3BE270551CDC823A0056C045 /* ta_CDLHARAMI.c */; };
		3BE270FB1CDC823A0056C045 /* ta_CDLHARAMICROSS.c in Sources */ = {isa = PBXBuildFile; fileRef = 3BE270561CDC823A0056C045 /* ta_CDLHARAMICROSS.c */; };
		3BE270FC1CDC823A0056C045 /* ta_CDLHIGHWAVE.c in Sources */ = {isa = PBXBuildFile; fileRef = 3BE270571CDC823A0056C045 /* ta_CDLHIGHWAVE.c */; };
		3BE270FD1CDC823A0056C045 /* ta_CDLHIKKAKE.c in Sources */ = {isa = PBXBuildFile; fileRef = 3BE270581CDC823A0056C045 /* ta_CDLHIKKAKE.c */; };
		3BE270FE1CDC823A0056C045 /* ta_CDLHIKKAKEMOD.c in Sources */ = {isa = PBXBuildFile; fileRef = 3BE270591CDC823A0056C045 /* ta_CDLHIKKAKEMOD.c */; };
		3BE270FF1CDC823A0056C045 /* ta_CDLHOMINGPIGEON.c in Sources */ = {isa = PBXBuildFile; fileRef = 3BE2705A1CDC823A0056C045 /* ta_CDLHOMINGPIGEON.c */; };
		3BE271001CDC823A0056C045 /* ta_CDLIDENTICAL3CROWS.c in Sources */ = {isa = PBXBuildFile; fileRef = 3BE2705B1CDC823A0056C045 /* ta_CDLIDENTICAL3CROWS.c */; };
		3BE271011CDC823A0056C045 /* ta_CDLINNECK.c in Sources */ = {isa = PBXBuildFile; fileRef = 3BE2705C1CDC823A0056C045 /* ta_CDLINNECK.c */; };
		3BE271021CDC823A0056C045 /* ta_CDLINVERTEDHAMMER.c in Sources */ = {isa = PBXBuildFile; fileRef = 3BE2705D1CDC823A0056C045 /* ta_CDLINVERTEDHAMMER.c */; };
		3BE271031CDC823A0056C045 /* ta_CDLKICKING.c in Sources */ = {isa = PBXBuildFile; fileRef = 3BE2705E1CDC823A0056C045 /* ta_CDLKICKING.c */; };
		3BE271041CDC823A0056C045 /* ta_CDLKICKINGBYLENGTH.c in Sources */ = {isa = PBXBuildFile; fileRef = 3BE2705F1CDC823A0056C045 /* ta_CDLKICKINGBYLENGTH.c */; };
		3BE271051CDC823A0056C045 /* ta_CDLLADDERBOTTOM.c in Sources */ = {isa = PBXBuildFile; fileRef = 3BE270601CDC823A0056C045 /* ta_CDLLADDERBOTTOM.c */; };
		3BE271061CDC823A0056C045 /* ta_CDLLONGLEGGEDDOJI.c in Sources */ = {isa = PBXBuildFile; fileRef = 3BE270611CDC823A0056C045 /* ta_CDLLONGLEGGEDDOJI.c */; };
		3BE271071CDC823A0056C045 /* ta_CDLLONGLINE.c in Sources */ = {isa = PBXBuildFile; fileRef = 3BE270621CDC823A0056C045 /* ta_CDLLONGLINE.c */; };
		3BE271081CDC823A0056C045 /* ta_CDLMARUBOZU.c in Sources */ = {isa = PBXBuildFile; fileRef = 3BE270631CDC823A0056C045 /* ta_CDLMARUBOZU.c */; };
		3BE271091CDC823A0056C045 /* ta_CDLMATCHINGLOW.c in Sources */ = {isa = PBXBuildFile; fileRef = 3BE270641CDC823A0056C045 /* ta_CDLMATCHINGLOW.c */; };
		3BE2710A1CDC823A0056C045 /* ta_CDLMATHOLD.c in Sources */ = {isa = PBXBuildFile; fileRef = 3BE270651CDC823A0056C045 /* ta_CDLMATHOLD.c */; };
		3BE2710B1CDC823A0056C045 /* ta_CDLMORNINGDOJISTAR.c in Sources */ = {isa = PBXBuildFile; fileRef = 3BE270661CDC823A0056C045 /* ta_CDLMORNINGDOJISTAR.c */; };
		3BE2710C1CDC823A0056C045 /* ta_CDLMORNINGSTAR.c in Sources */ = {isa = PBXBuildFile; fileRef = 3BE270671CDC823A0056C045 /* ta_CDLMORNINGSTAR.c */; };
		3BE2710D1CDC823A0056C045 /* ta_CDLONNECK.c in Sources */ = {isa = PBXBuildFile; fileRef = 3BE270681CDC823A0056C045 /* ta_CDLONNECK.c */; };
		3BE2710E1CDC823A0056C045 /* ta_CDLPIERCING.c in Sources */ = {isa = PBXBuildFile; fileRef = 3BE270691CDC823A0056C045 /* ta_CDLPIERCING.c */; };
		3BE2710F1CDC823A0056C045 /* ta_CDLRICKSHAWMAN.c in Sources */ = {isa = PBXBuildFile; fileRef = 3BE2706A1CDC823A0056C045 /* ta_CDLRICKSHAWMAN.c */; };
		3BE271101CDC823A0056C045 /* ta_CDLRISEFALL3METHODS.c in Sources */ = {isa = PBXBuildFile; fileRef = 3BE2706B1CDC823A0056C045 /* ta_CDLRISEFALL3METHODS.c */; };
		3BE271111CDC823A0056C045 /* ta_CDLSEPARATINGLINES.c in Sources */ = {isa = PBXBuildFile; fileRef = 3BE2706C1CDC823A0056C045 /* ta_CDLSEPARATINGLINES.c */; };
		3BE271121CDC823A0056C045 /* ta_CDLSHOOTINGSTAR.c in Sources */ = {isa = PBXBuildFile; fileRef = 3BE2706D1CDC823A0056C045 /* ta_CDLSHOOTINGSTAR.c */; };
		3BE271131CDC823A0056C045 /* ta_CDLSHORTLINE.c in Sources */ = {isa = PBXBuildFile; fileRef = 3BE2706E1CDC823A0056C045 /* ta_CDLSHORTLINE.c */; };
		3BE271141CDC823A0056C045 /* ta_CDLSPINNINGTOP.c in Sources */ = {isa = PBXBuildFile; fileRef = 3BE2706F1CDC823A0056C045 /* ta_CDLSPINNINGTOP.c */; };
		3BE271151CDC823A0056C045 /* ta_CDLSTALLEDPATTERN.c in Sources */ = {isa = PBXBuildFile; fileRef = 3BE270701CDC823A0056C045 /* ta_CDLSTALLEDPATTERN.c */; };
		3BE271161CDC823A0056C045 /* ta_CDLSTICKSANDWICH.c in Sources */ = {isa = PBXBuildFile; fileRef = 3BE270711CDC823A0056C045 /* ta_CDLSTICKSANDWICH.c */; };
		3BE271171CDC823A0056C045 /* ta_CDLTAKURI.c in Sources */ = {isa = PBXBuildFile; fileRef = 3BE270721CDC823A0056C045 /* ta_CDLTAKURI.c */; };
		3BE271181CDC823A0056C045 /* ta_CDLTASUKIGAP.c in Sources */ = {isa = PBXBuildFile; fileRef = 3BE270731CDC823A0056C045 /* ta_CDLTASUKIGAP.c */; };
		3BE271191CDC823A0056C045 /* ta_CDLTHRUSTING.c in Sources */ = {isa = PBXBuildFile; fileRef = 3BE270741CDC823A0056C045 /* ta_CDLTHRUSTING.c */; };
		3BE2711A1CDC823A0056C045 /* ta_CDLTRISTAR.c in Sources */ = {isa = PBXBuildFile; fileRef = 3BE270751CDC823A0056C045 /* ta_CDLTRISTAR.c */; };
		3BE2711B1CDC823A0056C045 /* ta_CDLUNIQUE3RIVER.c in Sources */ = {isa = PBXBuildFile; fileRef = 3BE270761CDC823A0056C045 /* ta_CDLUNIQUE3RIVER.c */; };
		3BE2711C1CDC823A0056C045 /* ta_CDLUPSIDEGAP2CROWS.c in Sources */ = {isa = PBXBuildFile; fileRef = 3BE270771CDC823A0056C045 /* ta_CDLUPSIDEGAP2CROWS.c */; };
		3BE2711D1CDC823A0056C045 /* ta_CDLXSIDEGAP3METHODS.c in Sources */ = {isa = PBXBuildFile; fileRef = 3BE270781CDC823A0056C045 /* ta_CDLXSIDEGAP3METHODS.c */; };
		3BE2711E1CDC823A0056C045 /* ta_CEIL.c in Sources */ = {isa = PBXBuildFile; fileRef = 3BE270791CDC823A0056C045 /* ta_CEIL.c */; };
		3BE2711F1CDC823A0056C045 /* ta_CMO.c in Sources */ = {isa = PBXBuildFile; fileRef = 3BE2707A1CDC823A0056C045 /* ta_CMO.c */; };
		3BE271201CDC823A0056C045 /* ta_CORREL.c in Sources */ = {isa = PBXBuildFile; fileRef = 3BE2707B1CDC823A0056C045 /* ta_CORREL.c */; };
		3BE271211CDC823A0056C045 /* ta_COS.c in Sources */ = {isa = PBXBuildFile; fileRef = 3BE2707C1CDC823A0056C045 /* ta_COS.c */; };
		3BE271221CDC823A0056C045 /* ta_COSH.c in Sources */ = {isa = PBXBuildFile; fileRef = 3BE2707D1CDC823A0056C045 /* ta_COSH.c */; };
		3BE271231CDC823A0056C045 /* ta_DEMA.c in Sources */ = {isa = PBXBuildFile; fileRef = 3BE2707E1CDC823A0056C045 /* ta_DEMA.c */; };
		3BE271241CDC823A0056C045 /* ta_DIV.c in Sources */ = {isa = PBXBuildFile; fileRef = 3BE2707F1CDC823A0056C045 /* ta_DIV.c */; };
		3BE271251CDC823A0056C045 /* ta_DX.c in Sources */ = {isa = PBXBuildFile; fileRef = 3BE270801CDC823A0056C045 /* ta_DX.c */; };
		3BE271261CDC823A0056C045 /* ta_EMA.c in Sources */ = {isa = PBXBuildFile; fileRef = 3BE270811CDC823A0056C045 /* ta_EMA.c */; };
		3BE271271CDC823A0056C045 /* ta_EXP.c in Sources */ = {isa = PBXBuildFile; fileRef = 3BE270821CDC823A0056C045 /* ta_EXP.c */; };
		3BE271281CDC823A0056C045 /* ta_FLOOR.c in Sources */ = {isa = PBXBuildFile; fileRef = 3BE270831CDC823A0056C045 /* ta_FLOOR.c */; };
		3BE271291CDC823A0056C045 /* ta_HT_DCPERIOD.c in Sources */ = {isa = PBXBuildFile; fileRef = 3BE270841CDC823A0056C045 /* ta_HT_DCPERIOD.c */; };
		3BE2712A1CDC823A0056C045 /* ta_HT_DCPHASE.c in Sources */ = {isa = PBXBuildFile; fileRef = 3BE270851CDC823A0056C045 /* ta_HT_DCPHASE.c */; };
		3BE2712B1CDC823A0056C045 /* ta_HT_PHASOR.c in Sources */ = {isa = PBXBuildFile; fileRef = 3BE270861CDC823A0056C045 /* ta_HT_PHASOR.c */; };
		3BE2712C1CDC823A0056C045 /* ta_HT_SINE.c in Sources */ = {isa = PBXBuildFile; fileRef = 3BE270871CDC823A0056C045 /* ta_HT_SINE.c */; };
		3BE2712D1CDC823A0056C045 /* ta_HT_TRENDLINE.c in Sources */ = {isa = PBXBuildFile; fileRef = 3BE270881CDC823A0056C045 /* ta_HT_TRENDLINE.c */; };
		3BE2712E1CDC823A0056C045 /* ta_HT_TRENDMODE.c in Sources */ = {isa = PBXBuildFile; fileRef = 3BE270891CDC823A0056C045 /* ta_HT_TRENDMODE.c */; };
		3BE2712F1CDC823A0056C045 /* ta_KAMA.c in Sources */ = {isa = PBXBuildFile; fileRef = 3BE2708A1CDC823A0056C045 /* ta_KAMA.c */; };
		3BE271301CDC823A0056C045 /* ta_LINEARREG.c in Sources */ = {isa = PBXBuildFile; fileRef = 3BE2708B1CDC823A0056C045 /* ta_LINEARREG.c */; };
		3BE271311CDC823A0056C045 /* ta_LINEARREG_ANGLE.c in Sources */ = {isa = PBXBuildFile; fileRef = 3BE2708C1CDC823A0056C045 /* ta_LINEARREG_ANGLE.c */; };
		3BE271321CDC823A0056C045 /* ta_LINEARREG_INTERCEPT.c in Sources */ = {isa = PBXBuildFile; fileRef = 3BE2708D1CDC823A0056C045 /* ta_LINEARREG_INTERCEPT.c */; };
		3BE271331CDC823A0056C045 /* ta_LINEARREG_SLOPE.c in Sources */ = {isa = PBXBuildFile; fileRef = 3BE2708E1CDC823A0056C045 /* ta_LINEARREG_SLOPE.c */; };
		3BE271341CDC823A0056C045 /* ta_LN.c in Sources */ = {isa = PBXBuildFile; fileRef = 3BE2708F1CDC823A0056C045 /* ta_LN.c */; };
		3BE271351CDC823A0056C045 /* ta_LOG10.c in Sources */ = {isa = PBXBuildFile; fileRef = 3BE270901CDC823A0056C045 /* ta_LOG10.c */; };
		3BE271361CDC823A0056C045 /* ta_MA.c in Sources */ = {isa = PBXBuildFile; fileRef = 3BE270911CDC823A0056C045 /* ta_MA.c */; };
		3BE271371CDC823A0056C045 /* ta_MACD.c in Sources */ = {isa = PBXBuildFile; fileRef = 3BE270921CDC823A0056C045 /* ta_MACD.c */; };
		3BE271381CDC823A0056C045 /* ta_MACDEXT.c in Sources */ = {isa = PBXBuildFile; fileRef = 3BE270931CDC823A0056C045 /* ta_MACDEXT.c */; };
		3BE271391CDC823A0056C045 /* ta_MACDFIX.c in Sources */ = {isa = PBXBuildFile; fileRef = 3BE270941CDC823A0056C045 /* ta_MACDFIX.c */; };
		3BE2713A1CDC823A0056C045 /* ta_MAMA.c in Sources */ = {isa = PBXBuildFile; fileRef = 3BE270951CDC823A0056C045 /* ta_MAMA.c */; };
		3BE2713B1CDC823A0056C045 /* ta_MAVP.c in Sources */ = {isa = PBXBuildFile; fileRef = 3BE270961CDC823A0056C045 /* ta_MAVP.c */; };
		3BE2713C1CDC823A0056C045 /* ta_MAX.c in Sources */ = {isa = PBXBuildFile; fileRef = 3BE270971CDC823A0056C045 /* ta_MAX.c */; };
		3BE2713D1CDC823A0056C045 /* ta_MAXINDEX.c in Sources */ = {isa = PBXBuildFile; fileRef = 3BE270981CDC823A0056C045 /* ta_MAXINDEX.c */; };
		3BE2713E1CDC823A0056C045 /* ta_MEDPRICE.c in Sources */ = {isa = PBXBuildFile; fileRef = 3BE270991CDC823A0056C045 /* ta_MEDPRICE.c */; };
		3BE2713F1CDC823A0056C045 /* ta_MFI.c in Sources */ = {isa = PBXBuildFile; fileRef = 3BE2709A1CDC823A0056C045 /* ta_MFI.c */; };
		3BE271401CDC823A0056C045 /* ta_MIDPOINT.c in Sources */ = {isa = PBXBuildFile; fileRef = 3BE2709B1CDC823A0056C045 /* ta_MIDPOINT.c */; };
		3BE271411CDC823A0056C045 /* ta_MIDPRICE.c in Sources */ = {isa = PBXBuildFile; fileRef = 3BE2709C1CDC823A0056C045 /* ta_MIDPRICE.c */; };
		3BE271421CDC823A0056C045 /* ta_MIN.c in Sources */ = {isa = PBXBuildFile; fileRef = 3BE2709D1CDC823A0056C045 /* ta_MIN.c */; };
		3BE271431CDC823A0056C045 /* ta_MININDEX.c in Sources */ = {isa = PBXBuildFile; fileRef = 3BE2709E1CDC823A0056C045 /* ta_MININDEX.c */; };
		3BE271441CDC823A0056C045 /* ta_MINMAX.c in Sources */ = {isa = PBXBuildFile; fileRef = 3BE2709F1CDC823A0056C045 /* ta_MINMAX.c */; };
		3BE271451CDC823A0056C045 /* ta_MINMAXINDEX.c in Sources */ = {isa = PBXBuildFile; fileRef = 3BE270A01CDC823A0056C045 /* ta_MINMAXINDEX.c */; };
		3BE271461CDC823A0056C045 /* ta_MINUS_DI.c in Sources */ = {isa = PBXBuildFile; fileRef = 3BE270A11CDC823A0056C045 /* ta_MINUS_DI.c */; };
		3BE271471CDC823A0056C045 /* ta_MINUS_DM.c in Sources */ = {isa = PBXBuildFile; fileRef = 3BE270A21CDC823A0056C045 /* ta_MINUS_DM.c */; };
		3BE271481CDC823A0056C045 /* ta_MOM.c in Sources */ = {isa = PBXBuildFile; fileRef = 3BE270A31CDC823A0056C045 /* ta_MOM.c */; };
		3BE271491CDC823A0056C045 /* ta_MULT.c in Sources */ = {isa = PBXBuildFile; fileRef = 3BE270A41CDC823A0056C045 /* ta_MULT.c */; };
		3BE2714A1CDC823A0056C045 /* ta_NATR.c in Sources */ = {isa = PBXBuildFile; fileRef = 3BE270A51CDC823A0056C045 /* ta_NATR.c */; };
		3BE2714B1CDC823A0056C045 /* ta_NVI.c in Sources */ = {isa = PBXBuildFile; fileRef = 3BE270A61CDC823A0056C045 /* ta_NVI.c */; };
		3BE2714C1CDC823A0056C045 /* ta_OBV.c in Sources */ = {isa = PBXBuildFile; fileRef = 3BE270A71CDC823A0056C045 /* ta_OBV.c */; };
		3BE2714D1CDC823A0056C045 /* ta_PLUS_DI.c in Sources */ = {isa = PBXBuildFile; fileRef = 3BE270A81CDC823A0056C045 /* ta_PLUS_DI.c */; };
		3BE2714E1CDC823A0056C045 /* ta_PLUS_DM.c in Sources */ = {isa = PBXBuildFile; fileRef = 3BE270A91CDC823A0056C045 /* ta_PLUS_DM.c */; };
		3BE2714F1CDC823A0056C045 /* ta_PPO.c in Sources */ = {isa = PBXBuildFile; fileRef = 3BE270AA1CDC823A0056C045 /* ta_PPO.c */; };
		3BE271501CDC823A0056C045 /* ta_PVI.c in Sources */ = {isa = PBXBuildFile; fileRef = 3BE270AB1CDC823A0056C045 /* ta_PVI.c */; };
		3BE271511CDC823A0056C045 /* ta_ROC.c in Sources */ = {isa = PBXBuildFile; fileRef = 3BE270AC1CDC823A0056C045 /* ta_ROC.c */; };
		3BE271521CDC823A0056C045 /* ta_ROCP.c in Sources */ = {isa = PBXBuildFile; fileRef = 3BE270AD1CDC823A0056C045 /* ta_ROCP.c */; };
		3BE271531CDC823A0056C045 /* ta_ROCR.c in Sources */ = {isa = PBXBuildFile; fileRef = 3BE270AE1CDC823A0056C045 /* ta_ROCR.c */; };
		3BE271541CDC823A0056C045 /* ta_ROCR100.c in Sources */ = {isa = PBXBuildFile; fileRef = 3BE270AF1CDC823A0056C045 /* ta_ROCR100.c */; };
		3BE271551CDC823A0056C045 /* ta_RSI.c in Sources */ = {isa = PBXBuildFile; fileRef = 3BE270B01CDC823A0056C045 /* ta_RSI.c */; };
		3BE271561CDC823A0056C045 /* ta_SAR.c in Sources */ = {isa = PBXBuildFile; fileRef = 3BE270B11CDC823A0056C045 /* ta_SAR.c */; };
		3BE271571CDC823A0056C045 /* ta_SAREXT.c in Sources */ = {isa = PBXBuildFile; fileRef = 3BE270B21CDC823A0056C045 /* ta_SAREXT.c */; };
		3BE271581CDC823A0056C045 /* ta_SIN.c in Sources */ = {isa = PBXBuildFile; fileRef = 3BE270B31CDC823A0056C045 /* ta_SIN.c */; };
		3BE271591CDC823A0056C045 /* ta_SINH.c in Sources */ = {isa = PBXBuildFile; fileRef = 3BE270B41CDC823A0056C045 /* ta_SINH.c */; };
		3BE2715A1CDC823A0056C045 /* ta_SMA.c in Sources */ = {isa = PBXBuildFile; fileRef = 3BE270B51CDC823A0056C045 /* ta_SMA.c */; };
		3BE2715B1CDC823A0056C045 /* ta_SQRT.c in Sources */ = {isa = PBXBuildFile; fileRef = 3BE270B61CDC823A0056C045 /* ta_SQRT.c */; };
		3BE2715C1CDC823A0056C045 /* ta_STDDEV.c in Sources */ = {isa = PBXBuildFile; fileRef = 3BE270B71CDC823A0056C045 /* ta_STDDEV.c */; };
		3BE2715D1CDC823A0056C045 /* ta_STOCH.c in Sources */ = {isa = PBXBuildFile; fileRef = 3BE270B81CDC823A0056C045 /* ta_STOCH.c */; };
		3BE2715E1CDC823A0056C045 /* ta_STOCHF.c in Sources */ = {isa = PBXBuildFile; fileRef = 3BE270B91CDC823A0056C045 /* ta_STOCHF.c */; };
		3BE2715F1CDC823A0056C045 /* ta_STOCHRSI.c in Sources */ = {isa = PBXBuildFile; fileRef = 3BE270BA1CDC823A0056C045 /* ta_STOCHRSI.c */; };
		3BE271601CDC823A0056C045 /* ta_SUB.c in Sources */ = {isa = PBXBuildFile; fileRef = 3BE270BB1CDC823A0056C045 /* ta_SUB.c */; };
		3BE271611CDC823A0056C045 /* ta_SUM.c in Sources */ = {isa = PBXBuildFile; fileRef = 3BE270BC1CDC823A0056C045 /* ta_SUM.c */; };
		3BE271621CDC823A0056C045 /* ta_T3.c in Sources */ = {isa = PBXBuildFile; fileRef = 3BE270BD1CDC823A0056C045 /* ta_T3.c */; };
		3BE271631CDC823A0056C045 /* ta_TAN.c in Sources */ = {isa = PBXBuildFile; fileRef = 3BE270BE1CDC823A0056C045 /* ta_TAN.c */; };
		3BE271641CDC823A0056C045 /* ta_TANH.c in Sources */ = {isa = PBXBuildFile; fileRef = 3BE270BF1CDC823A0056C045 /* ta_TANH.c */; };
		3BE271651CDC823A0056C045 /* ta_TEMA.c in Sources */ = {isa = PBXBuildFile; fileRef = 3BE270C01CDC823A0056C045 /* ta_TEMA.c */; };
		3BE271661CDC823A0056C045 /* ta_TRANGE.c in Sources */ = {isa = PBXBuildFile; fileRef = 3BE270C11CDC823A0056C045 /* ta_TRANGE.c */; };
		3BE271671CDC823A0056C045 /* ta_TRIMA.c in Sources */ = {isa = PBXBuildFile; fileRef = 3BE270C21CDC823A0056C045 /* ta_TRIMA.c */; };
		3BE271681CDC823A0056C045 /* ta_TRIX.c in Sources */ = {isa = PBXBuildFile; fileRef = 3BE270C31CDC823A0056C045 /* ta_TRIX.c */; };
		3BE271691CDC823A0056C045 /* ta_TSF.c in Sources */ = {isa = PBXBuildFile; fileRef = 3BE270C41CDC823A0056C045 /* ta_TSF.c */; };
		3BE2716A1CDC823A0056C045 /* ta_TYPPRICE.c in Sources */ = {isa = PBXBuildFile; fileRef = 3BE270C51CDC823A0056C045 /* ta_TYPPRICE.c */; };
		3BE2716B1CDC823A0056C045 /* ta_ULTOSC.c in Sources */ = {isa = PBXBuildFile; fileRef = 3BE270C61CDC823A0056C045 /* ta_ULTOSC.c */; };
		3BE2716C1CDC823A0056C045 /* ta_utility.c in Sources */ = {isa = PBXBuildFile; fileRef = 3BE270C71CDC823A0056C045 /* ta_utility.c */; };
		3BE2716D1CDC823A0056C045 /* ta_VAR.c in Sources */ = {isa = PBXBuildFile; fileRef = 3BE270C91CDC823A0056C045 /* ta_VAR.c */; };
		3BE2716E1CDC823A0056C045 /* ta_WCLPRICE.c in Sources */ = {isa = PBXBuildFile; fileRef = 3BE270CA1CDC823A0056C045 /* ta_WCLPRICE.c */; };
		3BE2716F1CDC823A0056C045 /* ta_WILLR.c in Sources */ = {isa = PBXBuildFile; fileRef = 3BE270CB1CDC823A0056C045 /* ta_WILLR.c */; };
		3BE271701CDC823A0056C045 /* ta_WMA.c in Sources */ = {isa = PBXBuildFile; fileRef = 3BE270CC1CDC823A0056C045 /* ta_WMA.c */; };
/* End PBXBuildFile section */

/* Begin PBXCopyFilesBuildPhase section */
		3BE2700B1CDC81F80056C045 /* CopyFiles */ = {
			isa = PBXCopyFilesBuildPhase;
			buildActionMask = 2147483647;
			dstPath = "include/$(PRODUCT_NAME)";
			dstSubfolderSpec = 16;
			files = (
				3BE270111CDC81F80056C045 /* TA_libWrapper.h in CopyFiles */,
			);
			runOnlyForDeploymentPostprocessing = 0;
		};
/* End PBXCopyFilesBuildPhase section */

/* Begin PBXFileReference section */
		3BE2700D1CDC81F80056C045 /* libTA-libWrapper.a */ = {isa = PBXFileReference; explicitFileType = archive.ar; includeInIndex = 0; path = "libTA-libWrapper.a"; sourceTree = BUILT_PRODUCTS_DIR; };
		3BE270101CDC81F80056C045 /* TA_libWrapper.h */ = {isa = PBXFileReference; lastKnownFileType = sourcecode.c.h; path = TA_libWrapper.h; sourceTree = "<group>"; };
		3BE270121CDC81F80056C045 /* TA_libWrapper.m */ = {isa = PBXFileReference; lastKnownFileType = sourcecode.c.objc; path = TA_libWrapper.m; sourceTree = "<group>"; };
		3BE2701B1CDC823A0056C045 /* ta_abstract.h */ = {isa = PBXFileReference; fileEncoding = 4; lastKnownFileType = sourcecode.c.h; path = ta_abstract.h; sourceTree = "<group>"; };
		3BE2701C1CDC823A0056C045 /* ta_common.h */ = {isa = PBXFileReference; fileEncoding = 4; lastKnownFileType = sourcecode.c.h; path = ta_common.h; sourceTree = "<group>"; };
		3BE2701D1CDC823A0056C045 /* ta_defs.h */ = {isa = PBXFileReference; fileEncoding = 4; lastKnownFileType = sourcecode.c.h; path = ta_defs.h; sourceTree = "<group>"; };
		3BE2701E1CDC823A0056C045 /* ta_func.h */ = {isa = PBXFileReference; fileEncoding = 4; lastKnownFileType = sourcecode.c.h; path = ta_func.h; sourceTree = "<group>"; };
		3BE2701F1CDC823A0056C045 /* ta_libc.h */ = {isa = PBXFileReference; fileEncoding = 4; lastKnownFileType = sourcecode.c.h; path = ta_libc.h; sourceTree = "<group>"; };
		3BE270221CDC823A0056C045 /* ta_global.c */ = {isa = PBXFileReference; fileEncoding = 4; lastKnownFileType = sourcecode.c.c; path = ta_global.c; sourceTree = "<group>"; };
		3BE270231CDC823A0056C045 /* ta_global.h */ = {isa = PBXFileReference; fileEncoding = 4; lastKnownFileType = sourcecode.c.h; path = ta_global.h; sourceTree = "<group>"; };
		3BE270241CDC823A0056C045 /* ta_magic_nb.h */ = {isa = PBXFileReference; fileEncoding = 4; lastKnownFileType = sourcecode.c.h; path = ta_magic_nb.h; sourceTree = "<group>"; };
		3BE270251CDC823A0056C045 /* ta_memory.h */ = {isa = PBXFileReference; fileEncoding = 4; lastKnownFileType = sourcecode.c.h; path = ta_memory.h; sourceTree = "<group>"; };
		3BE270261CDC823A0056C045 /* ta_pragma.h */ = {isa = PBXFileReference; fileEncoding = 4; lastKnownFileType = sourcecode.c.h; path = ta_pragma.h; sourceTree = "<group>"; };
		3BE270271CDC823A0056C045 /* ta_retcode.c */ = {isa = PBXFileReference; fileEncoding = 4; lastKnownFileType = sourcecode.c.c; path = ta_retcode.c; sourceTree = "<group>"; };
		3BE270281CDC823A0056C045 /* ta_retcode.csv */ = {isa = PBXFileReference; fileEncoding = 4; lastKnownFileType = text; path = ta_retcode.csv; sourceTree = "<group>"; };
		3BE270291CDC823A0056C045 /* ta_version.c */ = {isa = PBXFileReference; fileEncoding = 4; lastKnownFileType = sourcecode.c.c; path = ta_version.c; sourceTree = "<group>"; };
		3BE2702B1CDC823A0056C045 /* ta_ACOS.c */ = {isa = PBXFileReference; fileEncoding = 4; lastKnownFileType = sourcecode.c.c; path = ta_ACOS.c; sourceTree = "<group>"; };
		3BE2702C1CDC823A0056C045 /* ta_AD.c */ = {isa = PBXFileReference; fileEncoding = 4; lastKnownFileType = sourcecode.c.c; path = ta_AD.c; sourceTree = "<group>"; };
		3BE2702D1CDC823A0056C045 /* ta_ADD.c */ = {isa = PBXFileReference; fileEncoding = 4; lastKnownFileType = sourcecode.c.c; path = ta_ADD.c; sourceTree = "<group>"; };
		3BE2702E1CDC823A0056C045 /* ta_ADOSC.c */ = {isa = PBXFileReference; fileEncoding = 4; lastKnownFileType = sourcecode.c.c; path = ta_ADOSC.c; sourceTree = "<group>"; };
		3BE2702F1CDC823A0056C045 /* ta_ADX.c */ = {isa = PBXFileReference; fileEncoding = 4; lastKnownFileType = sourcecode.c.c; path = ta_ADX.c; sourceTree = "<group>"; };
		3BE270301CDC823A0056C045 /* ta_ADXR.c */ = {isa = PBXFileReference; fileEncoding = 4; lastKnownFileType = sourcecode.c.c; path = ta_ADXR.c; sourceTree = "<group>"; };
		3BE270311CDC823A0056C045 /* ta_APO.c */ = {isa = PBXFileReference; fileEncoding = 4; lastKnownFileType = sourcecode.c.c; path = ta_APO.c; sourceTree = "<group>"; };
		3BE270321CDC823A0056C045 /* ta_AROON.c */ = {isa = PBXFileReference; fileEncoding = 4; lastKnownFileType = sourcecode.c.c; path = ta_AROON.c; sourceTree = "<group>"; };
		3BE270331CDC823A0056C045 /* ta_AROONOSC.c */ = {isa = PBXFileReference; fileEncoding = 4; lastKnownFileType = sourcecode.c.c; path = ta_AROONOSC.c; sourceTree = "<group>"; };
		3BE270341CDC823A0056C045 /* ta_ASIN.c */ = {isa = PBXFileReference; fileEncoding = 4; lastKnownFileType = sourcecode.c.c; path = ta_ASIN.c; sourceTree = "<group>"; };
		3BE270351CDC823A0056C045 /* ta_ATAN.c */ = {isa = PBXFileReference; fileEncoding = 4; lastKnownFileType = sourcecode.c.c; path = ta_ATAN.c; sourceTree = "<group>"; };
		3BE270361CDC823A0056C045 /* ta_ATR.c */ = {isa = PBXFileReference; fileEncoding = 4; lastKnownFileType = sourcecode.c.c; path = ta_ATR.c; sourceTree = "<group>"; };
		3BE270371CDC823A0056C045 /* ta_AVGPRICE.c */ = {isa = PBXFileReference; fileEncoding = 4; lastKnownFileType = sourcecode.c.c; path = ta_AVGPRICE.c; sourceTree = "<group>"; };
		3BE270381CDC823A0056C045 /* ta_BBANDS.c */ = {isa = PBXFileReference; fileEncoding = 4; lastKnownFileType = sourcecode.c.c; path = ta_BBANDS.c; sourceTree = "<group>"; };
		3BE270391CDC823A0056C045 /* ta_BETA.c */ = {isa = PBXFileReference; fileEncoding = 4; lastKnownFileType = sourcecode.c.c; path = ta_BETA.c; sourceTree = "<group>"; };
		3BE2703A1CDC823A0056C045 /* ta_BOP.c */ = {isa = PBXFileReference; fileEncoding = 4; lastKnownFileType = sourcecode.c.c; path = ta_BOP.c; sourceTree = "<group>"; };
		3BE2703B1CDC823A0056C045 /* ta_CCI.c */ = {isa = PBXFileReference; fileEncoding = 4; lastKnownFileType = sourcecode.c.c; path = ta_CCI.c; sourceTree = "<group>"; };
		3BE2703C1CDC823A0056C045 /* ta_CDL2CROWS.c */ = {isa = PBXFileReference; fileEncoding = 4; lastKnownFileType = sourcecode.c.c; path = ta_CDL2CROWS.c; sourceTree = "<group>"; };
		3BE2703D1CDC823A0056C045 /* ta_CDL3BLACKCROWS.c */ = {isa = PBXFileReference; fileEncoding = 4; lastKnownFileType = sourcecode.c.c; path = ta_CDL3BLACKCROWS.c; sourceTree = "<group>"; };
		3BE2703E1CDC823A0056C045 /* ta_CDL3INSIDE.c */ = {isa = PBXFileReference; fileEncoding = 4; lastKnownFileType = sourcecode.c.c; path = ta_CDL3INSIDE.c; sourceTree = "<group>"; };
		3BE2703F1CDC823A0056C045 /* ta_CDL3LINESTRIKE.c */ = {isa = PBXFileReference; fileEncoding = 4; lastKnownFileType = sourcecode.c.c; path = ta_CDL3LINESTRIKE.c; sourceTree = "<group>"; };
		3BE270401CDC823A0056C045 /* ta_CDL3OUTSIDE.c */ = {isa = PBXFileReference; fileEncoding = 4; lastKnownFileType = sourcecode.c.c; path = ta_CDL3OUTSIDE.c; sourceTree = "<group>"; };
		3BE270411CDC823A0056C045 /* ta_CDL3STARSINSOUTH.c */ = {isa = PBXFileReference; fileEncoding = 4; lastKnownFileType = sourcecode.c.c; path = ta_CDL3STARSINSOUTH.c; sourceTree = "<group>"; };
		3BE270421CDC823A0056C045 /* ta_CDL3WHITESOLDIERS.c */ = {isa = PBXFileReference; fileEncoding = 4; lastKnownFileType = sourcecode.c.c; path = ta_CDL3WHITESOLDIERS.c; sourceTree = "<group>"; };
		3BE270431CDC823A0056C045 /* ta_CDLABANDONEDBABY.c */ = {isa = PBXFileReference; fileEncoding = 4; lastKnownFileType = sourcecode.c.c; path = ta_CDLABANDONEDBABY.c; sourceTree = "<group>"; };
		3BE270441CDC823A0056C045 /* ta_CDLADVANCEBLOCK.c */ = {isa = PBXFileReference; fileEncoding = 4; lastKnownFileType = sourcecode.c.c; path = ta_CDLADVANCEBLOCK.c; sourceTree = "<group>"; };
		3BE270451CDC823A0056C045 /* ta_CDLBELTHOLD.c */ = {isa = PBXFileReference; fileEncoding = 4; lastKnownFileType = sourcecode.c.c; path = ta_CDLBELTHOLD.c; sourceTree = "<group>"; };
		3BE270461CDC823A0056C045 /* ta_CDLBREAKAWAY.c */ = {isa = PBXFileReference; fileEncoding = 4; lastKnownFileType = sourcecode.c.c; path = ta_CDLBREAKAWAY.c; sourceTree = "<group>"; };
		3BE270471CDC823A0056C045 /* ta_CDLCLOSINGMARUBOZU.c */ = {isa = PBXFileReference; fileEncoding = 4; lastKnownFileType = sourcecode.c.c; path = ta_CDLCLOSINGMARUBOZU.c; sourceTree = "<group>"; };
		3BE270481CDC823A0056C045 /* ta_CDLCONCEALBABYSWALL.c */ = {isa = PBXFileReference; fileEncoding = 4; lastKnownFileType = sourcecode.c.c; path = ta_CDLCONCEALBABYSWALL.c; sourceTree = "<group>"; };
		3BE270491CDC823A0056C045 /* ta_CDLCOUNTERATTACK.c */ = {isa = PBXFileReference; fileEncoding = 4; lastKnownFileType = sourcecode.c.c; path = ta_CDLCOUNTERATTACK.c; sourceTree = "<group>"; };
		3BE2704A1CDC823A0056C045 /* ta_CDLDARKCLOUDCOVER.c */ = {isa = PBXFileReference; fileEncoding = 4; lastKnownFileType = sourcecode.c.c; path = ta_CDLDARKCLOUDCOVER.c; sourceTree = "<group>"; };
		3BE2704B1CDC823A0056C045 /* ta_CDLDOJI.c */ = {isa = PBXFileReference; fileEncoding = 4; lastKnownFileType = sourcecode.c.c; path = ta_CDLDOJI.c; sourceTree = "<group>"; };
		3BE2704C1CDC823A0056C045 /* ta_CDLDOJISTAR.c */ = {isa = PBXFileReference; fileEncoding = 4; lastKnownFileType = sourcecode.c.c; path = ta_CDLDOJISTAR.c; sourceTree = "<group>"; };
		3BE2704D1CDC823A0056C045 /* ta_CDLDRAGONFLYDOJI.c */ = {isa = PBXFileReference; fileEncoding = 4; lastKnownFileType = sourcecode.c.c; path = ta_CDLDRAGONFLYDOJI.c; sourceTree = "<group>"; };
		3BE2704E1CDC823A0056C045 /* ta_CDLENGULFING.c */ = {isa = PBXFileReference; fileEncoding = 4; lastKnownFileType = sourcecode.c.c; path = ta_CDLENGULFING.c; sourceTree = "<group>"; };
		3BE2704F1CDC823A0056C045 /* ta_CDLEVENINGDOJISTAR.c */ = {isa = PBXFileReference; fileEncoding = 4; lastKnownFileType = sourcecode.c.c; path = ta_CDLEVENINGDOJISTAR.c; sourceTree = "<group>"; };
		3BE270501CDC823A0056C045 /* ta_CDLEVENINGSTAR.c */ = {isa = PBXFileReference; fileEncoding = 4; lastKnownFileType = sourcecode.c.c; path = ta_CDLEVENINGSTAR.c; sourceTree = "<group>"; };
		3BE270511CDC823A0056C045 /* ta_CDLGAPSIDESIDEWHITE.c */ = {isa = PBXFileReference; fileEncoding = 4; lastKnownFileType = sourcecode.c.c; path = ta_CDLGAPSIDESIDEWHITE.c; sourceTree = "<group>"; };
		3BE270521CDC823A0056C045 /* ta_CDLGRAVESTONEDOJI.c */ = {isa = PBXFileReference; fileEncoding = 4; lastKnownFileType = sourcecode.c.c; path = ta_CDLGRAVESTONEDOJI.c; sourceTree = "<group>"; };
		3BE270531CDC823A0056C045 /* ta_CDLHAMMER.c */ = {isa = PBXFileReference; fileEncoding = 4; lastKnownFileType = sourcecode.c.c; path = ta_CDLHAMMER.c; sourceTree = "<group>"; };
		3BE270541CDC823A0056C045 /* ta_CDLHANGINGMAN.c */ = {isa = PBXFileReference; fileEncoding = 4; lastKnownFileType = sourcecode.c.c; path = ta_CDLHANGINGMAN.c; sourceTree = "<group>"; };
		3BE270551CDC823A0056C045 /* ta_CDLHARAMI.c */ = {isa = PBXFileReference; fileEncoding = 4; lastKnownFileType = sourcecode.c.c; path = ta_CDLHARAMI.c; sourceTree = "<group>"; };
		3BE270561CDC823A0056C045 /* ta_CDLHARAMICROSS.c */ = {isa = PBXFileReference; fileEncoding = 4; lastKnownFileType = sourcecode.c.c; path = ta_CDLHARAMICROSS.c; sourceTree = "<group>"; };
		3BE270571CDC823A0056C045 /* ta_CDLHIGHWAVE.c */ = {isa = PBXFileReference; fileEncoding = 4; lastKnownFileType = sourcecode.c.c; path = ta_CDLHIGHWAVE.c; sourceTree = "<group>"; };
		3BE270581CDC823A0056C045 /* ta_CDLHIKKAKE.c */ = {isa = PBXFileReference; fileEncoding = 4; lastKnownFileType = sourcecode.c.c; path = ta_CDLHIKKAKE.c; sourceTree = "<group>"; };
		3BE270591CDC823A0056C045 /* ta_CDLHIKKAKEMOD.c */ = {isa = PBXFileReference; fileEncoding = 4; lastKnownFileType = sourcecode.c.c; path = ta_CDLHIKKAKEMOD.c; sourceTree = "<group>"; };
		3BE2705A1CDC823A0056C045 /* ta_CDLHOMINGPIGEON.c */ = {isa = PBXFileReference; fileEncoding = 4; lastKnownFileType = sourcecode.c.c; path = ta_CDLHOMINGPIGEON.c; sourceTree = "<group>"; };
		3BE2705B1CDC823A0056C045 /* ta_CDLIDENTICAL3CROWS.c */ = {isa = PBXFileReference; fileEncoding = 4; lastKnownFileType = sourcecode.c.c; path = ta_CDLIDENTICAL3CROWS.c; sourceTree = "<group>"; };
		3BE2705C1CDC823A0056C045 /* ta_CDLINNECK.c */ = {isa = PBXFileReference; fileEncoding = 4; lastKnownFileType = sourcecode.c.c; path = ta_CDLINNECK.c; sourceTree = "<group>"; };
		3BE2705D1CDC823A0056C045 /* ta_CDLINVERTEDHAMMER.c */ = {isa = PBXFileReference; fileEncoding = 4; lastKnownFileType = sourcecode.c.c; path = ta_CDLINVERTEDHAMMER.c; sourceTree = "<group>"; };
		3BE2705E1CDC823A0056C045 /* ta_CDLKICKING.c */ = {isa = PBXFileReference; fileEncoding = 4; lastKnownFileType = sourcecode.c.c; path = ta_CDLKICKING.c; sourceTree = "<group>"; };
		3BE2705F1CDC823A0056C045 /* ta_CDLKICKINGBYLENGTH.c */ = {isa = PBXFileReference; fileEncoding = 4; lastKnownFileType = sourcecode.c.c; path = ta_CDLKICKINGBYLENGTH.c; sourceTree = "<group>"; };
		3BE270601CDC823A0056C045 /* ta_CDLLADDERBOTTOM.c */ = {isa = PBXFileReference; fileEncoding = 4; lastKnownFileType = sourcecode.c.c; path = ta_CDLLADDERBOTTOM.c; sourceTree = "<group>"; };
		3BE270611CDC823A0056C045 /* ta_CDLLONGLEGGEDDOJI.c */ = {isa = PBXFileReference; fileEncoding = 4; lastKnownFileType = sourcecode.c.c; path = ta_CDLLONGLEGGEDDOJI.c; sourceTree = "<group>"; };
		3BE270621CDC823A0056C045 /* ta_CDLLONGLINE.c */ = {isa = PBXFileReference; fileEncoding = 4; lastKnownFileType = sourcecode.c.c; path = ta_CDLLONGLINE.c; sourceTree = "<group>"; };
		3BE270631CDC823A0056C045 /* ta_CDLMARUBOZU.c */ = {isa = PBXFileReference; fileEncoding = 4; lastKnownFileType = sourcecode.c.c; path = ta_CDLMARUBOZU.c; sourceTree = "<group>"; };
		3BE270641CDC823A0056C045 /* ta_CDLMATCHINGLOW.c */ = {isa = PBXFileReference; fileEncoding = 4; lastKnownFileType = sourcecode.c.c; path = ta_CDLMATCHINGLOW.c; sourceTree = "<group>"; };
		3BE270651CDC823A0056C045 /* ta_CDLMATHOLD.c */ = {isa = PBXFileReference; fileEncoding = 4; lastKnownFileType = sourcecode.c.c; path = ta_CDLMATHOLD.c; sourceTree = "<group>"; };
		3BE270661CDC823A0056C045 /* ta_CDLMORNINGDOJISTAR.c */ = {isa = PBXFileReference; fileEncoding = 4; lastKnownFileType = sourcecode.c.c; path = ta_CDLMORNINGDOJISTAR.c; sourceTree = "<group>"; };
		3BE270671CDC823A0056C045 /* ta_CDLMORNINGSTAR.c */ = {isa = PBXFileReference; fileEncoding = 4; lastKnownFileType = sourcecode.c.c; path = ta_CDLMORNINGSTAR.c; sourceTree = "<group>"; };
		3BE270681CDC823A0056C045 /* ta_CDLONNECK.c */ = {isa = PBXFileReference; fileEncoding = 4; lastKnownFileType = sourcecode.c.c; path = ta_CDLONNECK.c; sourceTree = "<group>"; };
		3BE270691CDC823A0056C045 /* ta_CDLPIERCING.c */ = {isa = PBXFileReference; fileEncoding = 4; lastKnownFileType = sourcecode.c.c; path = ta_CDLPIERCING.c; sourceTree = "<group>"; };
		3BE2706A1CDC823A0056C045 /* ta_CDLRICKSHAWMAN.c */ = {isa = PBXFileReference; fileEncoding = 4; lastKnownFileType = sourcecode.c.c; path = ta_CDLRICKSHAWMAN.c; sourceTree = "<group>"; };
		3BE2706B1CDC823A0056C045 /* ta_CDLRISEFALL3METHODS.c */ = {isa = PBXFileReference; fileEncoding = 4; lastKnownFileType = sourcecode.c.c; path = ta_CDLRISEFALL3METHODS.c; sourceTree = "<group>"; };
		3BE2706C1CDC823A0056C045 /* ta_CDLSEPARATINGLINES.c */ = {isa = PBXFileReference; fileEncoding = 4; lastKnownFileType = sourcecode.c.c; path = ta_CDLSEPARATINGLINES.c; sourceTree = "<group>"; };
		3BE2706D1CDC823A0056C045 /* ta_CDLSHOOTINGSTAR.c */ = {isa = PBXFileReference; fileEncoding = 4; lastKnownFileType = sourcecode.c.c; path = ta_CDLSHOOTINGSTAR.c; sourceTree = "<group>"; };
		3BE2706E1CDC823A0056C045 /* ta_CDLSHORTLINE.c */ = {isa = PBXFileReference; fileEncoding = 4; lastKnownFileType = sourcecode.c.c; path = ta_CDLSHORTLINE.c; sourceTree = "<group>"; };
		3BE2706F1CDC823A0056C045 /* ta_CDLSPINNINGTOP.c */ = {isa = PBXFileReference; fileEncoding = 4; lastKnownFileType = sourcecode.c.c; path = ta_CDLSPINNINGTOP.c; sourceTree = "<group>"; };
		3BE270701CDC823A0056C045 /* ta_CDLSTALLEDPATTERN.c */ = {isa = PBXFileReference; fileEncoding = 4; lastKnownFileType = sourcecode.c.c; path = ta_CDLSTALLEDPATTERN.c; sourceTree = "<group>"; };
		3BE270711CDC823A0056C045 /* ta_CDLSTICKSANDWICH.c */ = {isa = PBXFileReference; fileEncoding = 4; lastKnownFileType = sourcecode.c.c; path = ta_CDLSTICKSANDWICH.c; sourceTree = "<group>"; };
		3BE270721CDC823A0056C045 /* ta_CDLTAKURI.c */ = {isa = PBXFileReference; fileEncoding = 4; lastKnownFileType = sourcecode.c.c; path = ta_CDLTAKURI.c; sourceTree = "<group>"; };
		3BE270731CDC823A0056C045 /* ta_CDLTASUKIGAP.c */ = {isa = PBXFileReference; fileEncoding = 4; lastKnownFileType = sourcecode.c.c; path = ta_CDLTASUKIGAP.c; sourceTree = "<group>"; };
		3BE270741CDC823A0056C045 /* ta_CDLTHRUSTING.c */ = {isa = PBXFileReference; fileEncoding = 4; lastKnownFileType = sourcecode.c.c; path = ta_CDLTHRUSTING.c; sourceTree = "<group>"; };
		3BE270751CDC823A0056C045 /* ta_CDLTRISTAR.c */ = {isa = PBXFileReference; fileEncoding = 4; lastKnownFileType = sourcecode.c.c; path = ta_CDLTRISTAR.c; sourceTree = "<group>"; };
		3BE270761CDC823A0056C045 /* ta_CDLUNIQUE3RIVER.c */ = {isa = PBXFileReference; fileEncoding = 4; lastKnownFileType = sourcecode.c.c; path = ta_CDLUNIQUE3RIVER.c; sourceTree = "<group>"; };
		3BE270771CDC823A0056C045 /* ta_CDLUPSIDEGAP2CROWS.c */ = {isa = PBXFileReference; fileEncoding = 4; lastKnownFileType = sourcecode.c.c; path = ta_CDLUPSIDEGAP2CROWS.c; sourceTree = "<group>"; };
		3BE270781CDC823A0056C045 /* ta_CDLXSIDEGAP3METHODS.c */ = {isa = PBXFileReference; fileEncoding = 4; lastKnownFileType = sourcecode.c.c; path = ta_CDLXSIDEGAP3METHODS.c; sourceTree = "<group>"; };
		3BE270791CDC823A0056C045 /* ta_CEIL.c */ = {isa = PBXFileReference; fileEncoding = 4; lastKnownFileType = sourcecode.c.c; path = ta_CEIL.c; sourceTree = "<group>"; };
		3BE2707A1CDC823A0056C045 /* ta_CMO.c */ = {isa = PBXFileReference; fileEncoding = 4; lastKnownFileType = sourcecode.c.c; path = ta_CMO.c; sourceTree = "<group>"; };
		3BE2707B1CDC823A0056C045 /* ta_CORREL.c */ = {isa = PBXFileReference; fileEncoding = 4; lastKnownFileType = sourcecode.c.c; path = ta_CORREL.c; sourceTree = "<group>"; };
		3BE2707C1CDC823A0056C045 /* ta_COS.c */ = {isa = PBXFileReference; fileEncoding = 4; lastKnownFileType = sourcecode.c.c; path = ta_COS.c; sourceTree = "<group>"; };
		3BE2707D1CDC823A0056C045 /* ta_COSH.c */ = {isa = PBXFileReference; fileEncoding = 4; lastKnownFileType = sourcecode.c.c; path = ta_COSH.c; sourceTree = "<group>"; };
		3BE2707E1CDC823A0056C045 /* ta_DEMA.c */ = {isa = PBXFileReference; fileEncoding = 4; lastKnownFileType = sourcecode.c.c; path = ta_DEMA.c; sourceTree = "<group>"; };
		3BE2707F1CDC823A0056C045 /* ta_DIV.c */ = {isa = PBXFileReference; fileEncoding = 4; lastKnownFileType = sourcecode.c.c; path = ta_DIV.c; sourceTree = "<group>"; };
		3BE270801CDC823A0056C045 /* ta_DX.c */ = {isa = PBXFileReference; fileEncoding = 4; lastKnownFileType = sourcecode.c.c; path = ta_DX.c; sourceTree = "<group>"; };
		3BE270811CDC823A0056C045 /* ta_EMA.c */ = {isa = PBXFileReference; fileEncoding = 4; lastKnownFileType = sourcecode.c.c; path = ta_EMA.c; sourceTree = "<group>"; };
		3BE270821CDC823A0056C045 /* ta_EXP.c */ = {isa = PBXFileReference; fileEncoding = 4; lastKnownFileType = sourcecode.c.c; path = ta_EXP.c; sourceTree = "<group>"; };
		3BE270831CDC823A0056C045 /* ta_FLOOR.c */ = {isa = PBXFileReference; fileEncoding = 4; lastKnownFileType = sourcecode.c.c; path = ta_FLOOR.c; sourceTree = "<group>"; };
		3BE270841CDC823A0056C045 /* ta_HT_DCPERIOD.c */ = {isa = PBXFileReference; fileEncoding = 4; lastKnownFileType = sourcecode.c.c; path = ta_HT_DCPERIOD.c; sourceTree = "<group>"; };
		3BE270851CDC823A0056C045 /* ta_HT_DCPHASE.c */ = {isa = PBXFileReference; fileEncoding = 4; lastKnownFileType = sourcecode.c.c; path = ta_HT_DCPHASE.c; sourceTree = "<group>"; };
		3BE270861CDC823A0056C045 /* ta_HT_PHASOR.c */ = {isa = PBXFileReference; fileEncoding = 4; lastKnownFileType = sourcecode.c.c; path = ta_HT_PHASOR.c; sourceTree = "<group>"; };
		3BE270871CDC823A0056C045 /* ta_HT_SINE.c */ = {isa = PBXFileReference; fileEncoding = 4; lastKnownFileType = sourcecode.c.c; path = ta_HT_SINE.c; sourceTree = "<group>"; };
		3BE270881CDC823A0056C045 /* ta_HT_TRENDLINE.c */ = {isa = PBXFileReference; fileEncoding = 4; lastKnownFileType = sourcecode.c.c; path = ta_HT_TRENDLINE.c; sourceTree = "<group>"; };
		3BE270891CDC823A0056C045 /* ta_HT_TRENDMODE.c */ = {isa = PBXFileReference; fileEncoding = 4; lastKnownFileType = sourcecode.c.c; path = ta_HT_TRENDMODE.c; sourceTree = "<group>"; };
		3BE2708A1CDC823A0056C045 /* ta_KAMA.c */ = {isa = PBXFileReference; fileEncoding = 4; lastKnownFileType = sourcecode.c.c; path = ta_KAMA.c; sourceTree = "<group>"; };
		3BE2708B1CDC823A0056C045 /* ta_LINEARREG.c */ = {isa = PBXFileReference; fileEncoding = 4; lastKnownFileType = sourcecode.c.c; path = ta_LINEARREG.c; sourceTree = "<group>"; };
		3BE2708C1CDC823A0056C045 /* ta_LINEARREG_ANGLE.c */ = {isa = PBXFileReference; fileEncoding = 4; lastKnownFileType = sourcecode.c.c; path = ta_LINEARREG_ANGLE.c; sourceTree = "<group>"; };
		3BE2708D1CDC823A0056C045 /* ta_LINEARREG_INTERCEPT.c */ = {isa = PBXFileReference; fileEncoding = 4; lastKnownFileType = sourcecode.c.c; path = ta_LINEARREG_INTERCEPT.c; sourceTree = "<group>"; };
		3BE2708E1CDC823A0056C045 /* ta_LINEARREG_SLOPE.c */ = {isa = PBXFileReference; fileEncoding = 4; lastKnownFileType = sourcecode.c.c; path = ta_LINEARREG_SLOPE.c; sourceTree = "<group>"; };
		3BE2708F1CDC823A0056C045 /* ta_LN.c */ = {isa = PBXFileReference; fileEncoding = 4; lastKnownFileType = sourcecode.c.c; path = ta_LN.c; sourceTree = "<group>"; };
		3BE270901CDC823A0056C045 /* ta_LOG10.c */ = {isa = PBXFileReference; fileEncoding = 4; lastKnownFileType = sourcecode.c.c; path = ta_LOG10.c; sourceTree = "<group>"; };
		3BE270911CDC823A0056C045 /* ta_MA.c */ = {isa = PBXFileReference; fileEncoding = 4; lastKnownFileType = sourcecode.c.c; path = ta_MA.c; sourceTree = "<group>"; };
		3BE270921CDC823A0056C045 /* ta_MACD.c */ = {isa = PBXFileReference; fileEncoding = 4; lastKnownFileType = sourcecode.c.c; path = ta_MACD.c; sourceTree = "<group>"; };
		3BE270931CDC823A0056C045 /* ta_MACDEXT.c */ = {isa = PBXFileReference; fileEncoding = 4; lastKnownFileType = sourcecode.c.c; path = ta_MACDEXT.c; sourceTree = "<group>"; };
		3BE270941CDC823A0056C045 /* ta_MACDFIX.c */ = {isa = PBXFileReference; fileEncoding = 4; lastKnownFileType = sourcecode.c.c; path = ta_MACDFIX.c; sourceTree = "<group>"; };
		3BE270951CDC823A0056C045 /* ta_MAMA.c */ = {isa = PBXFileReference; fileEncoding = 4; lastKnownFileType = sourcecode.c.c; path = ta_MAMA.c; sourceTree = "<group>"; };
		3BE270961CDC823A0056C045 /* ta_MAVP.c */ = {isa = PBXFileReference; fileEncoding = 4; lastKnownFileType = sourcecode.c.c; path = ta_MAVP.c; sourceTree = "<group>"; };
		3BE270971CDC823A0056C045 /* ta_MAX.c */ = {isa = PBXFileReference; fileEncoding = 4; lastKnownFileType = sourcecode.c.c; path = ta_MAX.c; sourceTree = "<group>"; };
		3BE270981CDC823A0056C045 /* ta_MAXINDEX.c */ = {isa = PBXFileReference; fileEncoding = 4; lastKnownFileType = sourcecode.c.c; path = ta_MAXINDEX.c; sourceTree = "<group>"; };
		3BE270991CDC823A0056C045 /* ta_MEDPRICE.c */ = {isa = PBXFileReference; fileEncoding = 4; lastKnownFileType = sourcecode.c.c; path = ta_MEDPRICE.c; sourceTree = "<group>"; };
		3BE2709A1CDC823A0056C045 /* ta_MFI.c */ = {isa = PBXFileReference; fileEncoding = 4; lastKnownFileType = sourcecode.c.c; path = ta_MFI.c; sourceTree = "<group>"; };
		3BE2709B1CDC823A0056C045 /* ta_MIDPOINT.c */ = {isa = PBXFileReference; fileEncoding = 4; lastKnownFileType = sourcecode.c.c; path = ta_MIDPOINT.c; sourceTree = "<group>"; };
		3BE2709C1CDC823A0056C045 /* ta_MIDPRICE.c */ = {isa = PBXFileReference; fileEncoding = 4; lastKnownFileType = sourcecode.c.c; path = ta_MIDPRICE.c; sourceTree = "<group>"; };
		3BE2709D1CDC823A0056C045 /* ta_MIN.c */ = {isa = PBXFileReference; fileEncoding = 4; lastKnownFileType = sourcecode.c.c; path = ta_MIN.c; sourceTree = "<group>"; };
		3BE2709E1CDC823A0056C045 /* ta_MININDEX.c */ = {isa = PBXFileReference; fileEncoding = 4; lastKnownFileType = sourcecode.c.c; path = ta_MININDEX.c; sourceTree = "<group>"; };
		3BE2709F1CDC823A0056C045 /* ta_MINMAX.c */ = {isa = PBXFileReference; fileEncoding = 4; lastKnownFileType = sourcecode.c.c; path = ta_MINMAX.c; sourceTree = "<group>"; };
		3BE270A01CDC823A0056C045 /* ta_MINMAXINDEX.c */ = {isa = PBXFileReference; fileEncoding = 4; lastKnownFileType = sourcecode.c.c; path = ta_MINMAXINDEX.c; sourceTree = "<group>"; };
		3BE270A11CDC823A0056C045 /* ta_MINUS_DI.c */ = {isa = PBXFileReference; fileEncoding = 4; lastKnownFileType = sourcecode.c.c; path = ta_MINUS_DI.c; sourceTree = "<group>"; };
		3BE270A21CDC823A0056C045 /* ta_MINUS_DM.c */ = {isa = PBXFileReference; fileEncoding = 4; lastKnownFileType = sourcecode.c.c; path = ta_MINUS_DM.c; sourceTree = "<group>"; };
		3BE270A31CDC823A0056C045 /* ta_MOM.c */ = {isa = PBXFileReference; fileEncoding = 4; lastKnownFileType = sourcecode.c.c; path = ta_MOM.c; sourceTree = "<group>"; };
		3BE270A41CDC823A0056C045 /* ta_MULT.c */ = {isa = PBXFileReference; fileEncoding = 4; lastKnownFileType = sourcecode.c.c; path = ta_MULT.c; sourceTree = "<group>"; };
		3BE270A51CDC823A0056C045 /* ta_NATR.c */ = {isa = PBXFileReference; fileEncoding = 4; lastKnownFileType = sourcecode.c.c; path = ta_NATR.c; sourceTree = "<group>"; };
		3BE270A61CDC823A0056C045 /* ta_NVI.c */ = {isa = PBXFileReference; fileEncoding = 4; lastKnownFileType = sourcecode.c.c; path = ta_NVI.c; sourceTree = "<group>"; };
		3BE270A71CDC823A0056C045 /* ta_OBV.c */ = {isa = PBXFileReference; fileEncoding = 4; lastKnownFileType = sourcecode.c.c; path = ta_OBV.c; sourceTree = "<group>"; };
		3BE270A81CDC823A0056C045 /* ta_PLUS_DI.c */ = {isa = PBXFileReference; fileEncoding = 4; lastKnownFileType = sourcecode.c.c; path = ta_PLUS_DI.c; sourceTree = "<group>"; };
		3BE270A91CDC823A0056C045 /* ta_PLUS_DM.c */ = {isa = PBXFileReference; fileEncoding = 4; lastKnownFileType = sourcecode.c.c; path = ta_PLUS_DM.c; sourceTree = "<group>"; };
		3BE270AA1CDC823A0056C045 /* ta_PPO.c */ = {isa = PBXFileReference; fileEncoding = 4; lastKnownFileType = sourcecode.c.c; path = ta_PPO.c; sourceTree = "<group>"; };
		3BE270AB1CDC823A0056C045 /* ta_PVI.c */ = {isa = PBXFileReference; fileEncoding = 4; lastKnownFileType = sourcecode.c.c; path = ta_PVI.c; sourceTree = "<group>"; };
		3BE270AC1CDC823A0056C045 /* ta_ROC.c */ = {isa = PBXFileReference; fileEncoding = 4; lastKnownFileType = sourcecode.c.c; path = ta_ROC.c; sourceTree = "<group>"; };
		3BE270AD1CDC823A0056C045 /* ta_ROCP.c */ = {isa = PBXFileReference; fileEncoding = 4; lastKnownFileType = sourcecode.c.c; path = ta_ROCP.c; sourceTree = "<group>"; };
		3BE270AE1CDC823A0056C045 /* ta_ROCR.c */ = {isa = PBXFileReference; fileEncoding = 4; lastKnownFileType = sourcecode.c.c; path = ta_ROCR.c; sourceTree = "<group>"; };
		3BE270AF1CDC823A0056C045 /* ta_ROCR100.c */ = {isa = PBXFileReference; fileEncoding = 4; lastKnownFileType = sourcecode.c.c; path = ta_ROCR100.c; sourceTree = "<group>"; };
		3BE270B01CDC823A0056C045 /* ta_RSI.c */ = {isa = PBXFileReference; fileEncoding = 4; lastKnownFileType = sourcecode.c.c; path = ta_RSI.c; sourceTree = "<group>"; };
		3BE270B11CDC823A0056C045 /* ta_SAR.c */ = {isa = PBXFileReference; fileEncoding = 4; lastKnownFileType = sourcecode.c.c; path = ta_SAR.c; sourceTree = "<group>"; };
		3BE270B21CDC823A0056C045 /* ta_SAREXT.c */ = {isa = PBXFileReference; fileEncoding = 4; lastKnownFileType = sourcecode.c.c; path = ta_SAREXT.c; sourceTree = "<group>"; };
		3BE270B31CDC823A0056C045 /* ta_SIN.c */ = {isa = PBXFileReference; fileEncoding = 4; lastKnownFileType = sourcecode.c.c; path = ta_SIN.c; sourceTree = "<group>"; };
		3BE270B41CDC823A0056C045 /* ta_SINH.c */ = {isa = PBXFileReference; fileEncoding = 4; lastKnownFileType = sourcecode.c.c; path = ta_SINH.c; sourceTree = "<group>"; };
		3BE270B51CDC823A0056C045 /* ta_SMA.c */ = {isa = PBXFileReference; fileEncoding = 4; lastKnownFileType = sourcecode.c.c; path = ta_SMA.c; sourceTree = "<group>"; };
		3BE270B61CDC823A0056C045 /* ta_SQRT.c */ = {isa = PBXFileReference; fileEncoding = 4; lastKnownFileType = sourcecode.c.c; path = ta_SQRT.c; sourceTree = "<group>"; };
		3BE270B71CDC823A0056C045 /* ta_STDDEV.c */ = {isa = PBXFileReference; fileEncoding = 4; lastKnownFileType = sourcecode.c.c; path = ta_STDDEV.c; sourceTree = "<group>"; };
		3BE270B81CDC823A0056C045 /* ta_STOCH.c */ = {isa = PBXFileReference; fileEncoding = 4; lastKnownFileType = sourcecode.c.c; path = ta_STOCH.c; sourceTree = "<group>"; };
		3BE270B91CDC823A0056C045 /* ta_STOCHF.c */ = {isa = PBXFileReference; fileEncoding = 4; lastKnownFileType = sourcecode.c.c; path = ta_STOCHF.c; sourceTree = "<group>"; };
		3BE270BA1CDC823A0056C045 /* ta_STOCHRSI.c */ = {isa = PBXFileReference; fileEncoding = 4; lastKnownFileType = sourcecode.c.c; path = ta_STOCHRSI.c; sourceTree = "<group>"; };
		3BE270BB1CDC823A0056C045 /* ta_SUB.c */ = {isa = PBXFileReference; fileEncoding = 4; lastKnownFileType = sourcecode.c.c; path = ta_SUB.c; sourceTree = "<group>"; };
		3BE270BC1CDC823A0056C045 /* ta_SUM.c */ = {isa = PBXFileReference; fileEncoding = 4; lastKnownFileType = sourcecode.c.c; path = ta_SUM.c; sourceTree = "<group>"; };
		3BE270BD1CDC823A0056C045 /* ta_T3.c */ = {isa = PBXFileReference; fileEncoding = 4; lastKnownFileType = sourcecode.c.c; path = ta_T3.c; sourceTree = "<group>"; };
		3BE270BE1CDC823A0056C045 /* ta_TAN.c */ = {isa = PBXFileReference; fileEncoding = 4; lastKnownFileType = sourcecode.c.c; path = ta_TAN.c; sourceTree = "<group>"; };
		3BE270BF1CDC823A0056C045 /* ta_TANH.c */ = {isa = PBXFileReference; fileEncoding = 4; lastKnownFileType = sourcecode.c.c; path = ta_TANH.c; sourceTree = "<group>"; };
		3BE270C01CDC823A0056C045 /* ta_TEMA.c */ = {isa = PBXFileReference; fileEncoding = 4; lastKnownFileType = sourcecode.c.c; path = ta_TEMA.c; sourceTree = "<group>"; };
		3BE270C11CDC823A0056C045 /* ta_TRANGE.c */ = {isa = PBXFileReference; fileEncoding = 4; lastKnownFileType = sourcecode.c.c; path = ta_TRANGE.c; sourceTree = "<group>"; };
		3BE270C21CDC823A0056C045 /* ta_TRIMA.c */ = {isa = PBXFileReference; fileEncoding = 4; lastKnownFileType = sourcecode.c.c; path = ta_TRIMA.c; sourceTree = "<group>"; };
		3BE270C31CDC823A0056C045 /* ta_TRIX.c */ = {isa = PBXFileReference; fileEncoding = 4; lastKnownFileType = sourcecode.c.c; path = ta_TRIX.c; sourceTree = "<group>"; };
		3BE270C41CDC823A0056C045 /* ta_TSF.c */ = {isa = PBXFileReference; fileEncoding = 4; lastKnownFileType = sourcecode.c.c; path = ta_TSF.c; sourceTree = "<group>"; };
		3BE270C51CDC823A0056C045 /* ta_TYPPRICE.c */ = {isa = PBXFileReference; fileEncoding = 4; lastKnownFileType = sourcecode.c.c; path = ta_TYPPRICE.c; sourceTree = "<group>"; };
		3BE270C61CDC823A0056C045 /* ta_ULTOSC.c */ = {isa = PBXFileReference; fileEncoding = 4; lastKnownFileType = sourcecode.c.c; path = ta_ULTOSC.c; sourceTree = "<group>"; };
		3BE270C71CDC823A0056C045 /* ta_utility.c */ = {isa = PBXFileReference; fileEncoding = 4; lastKnownFileType = sourcecode.c.c; path = ta_utility.c; sourceTree = "<group>"; };
		3BE270C81CDC823A0056C045 /* ta_utility.h */ = {isa = PBXFileReference; fileEncoding = 4; lastKnownFileType = sourcecode.c.h; path = ta_utility.h; sourceTree = "<group>"; };
		3BE270C91CDC823A0056C045 /* ta_VAR.c */ = {isa = PBXFileReference; fileEncoding = 4; lastKnownFileType = sourcecode.c.c; path = ta_VAR.c; sourceTree = "<group>"; };
		3BE270CA1CDC823A0056C045 /* ta_WCLPRICE.c */ = {isa = PBXFileReference; fileEncoding = 4; lastKnownFileType = sourcecode.c.c; path = ta_WCLPRICE.c; sourceTree = "<group>"; };
		3BE270CB1CDC823A0056C045 /* ta_WILLR.c */ = {isa = PBXFileReference; fileEncoding = 4; lastKnownFileType = sourcecode.c.c; path = ta_WILLR.c; sourceTree = "<group>"; };
		3BE270CC1CDC823A0056C045 /* ta_WMA.c */ = {isa = PBXFileReference; fileEncoding = 4; lastKnownFileType = sourcecode.c.c; path = ta_WMA.c; sourceTree = "<group>"; };
/* End PBXFileReference section */

/* Begin PBXFrameworksBuildPhase section */
		3BE2700A1CDC81F80056C045 /* Frameworks */ = {
			isa = PBXFrameworksBuildPhase;
			buildActionMask = 2147483647;
			files = (
			);
			runOnlyForDeploymentPostprocessing = 0;
		};
/* End PBXFrameworksBuildPhase section */

/* Begin PBXGroup section */
		3BE270041CDC81F80056C045 = {
			isa = PBXGroup;
			children = (
				3BE270191CDC823A0056C045 /* TA-lib */,
				3BE2700F1CDC81F80056C045 /* TA-libWrapper */,
				3BE2700E1CDC81F80056C045 /* Products */,
			);
			sourceTree = "<group>";
		};
		3BE2700E1CDC81F80056C045 /* Products */ = {
			isa = PBXGroup;
			children = (
				3BE2700D1CDC81F80056C045 /* libTA-libWrapper.a */,
			);
			name = Products;
			sourceTree = "<group>";
		};
		3BE2700F1CDC81F80056C045 /* TA-libWrapper */ = {
			isa = PBXGroup;
			children = (
				3BE270101CDC81F80056C045 /* TA_libWrapper.h */,
				3BE270121CDC81F80056C045 /* TA_libWrapper.m */,
			);
			path = "TA-libWrapper";
			sourceTree = "<group>";
		};
		3BE270191CDC823A0056C045 /* TA-lib */ = {
			isa = PBXGroup;
			children = (
				3BE2701A1CDC823A0056C045 /* include */,
				3BE270201CDC823A0056C045 /* src */,
			);
			name = "TA-lib";
			path = "../TA-lib";
			sourceTree = "<group>";
		};
		3BE2701A1CDC823A0056C045 /* include */ = {
			isa = PBXGroup;
			children = (
				3BE2701B1CDC823A0056C045 /* ta_abstract.h */,
				3BE2701C1CDC823A0056C045 /* ta_common.h */,
				3BE2701D1CDC823A0056C045 /* ta_defs.h */,
				3BE2701E1CDC823A0056C045 /* ta_func.h */,
				3BE2701F1CDC823A0056C045 /* ta_libc.h */,
			);
			path = include;
			sourceTree = "<group>";
		};
		3BE270201CDC823A0056C045 /* src */ = {
			isa = PBXGroup;
			children = (
				3BE270211CDC823A0056C045 /* ta_common */,
				3BE2702A1CDC823A0056C045 /* ta_func */,
			);
			path = src;
			sourceTree = "<group>";
		};
		3BE270211CDC823A0056C045 /* ta_common */ = {
			isa = PBXGroup;
			children = (
				3BE270221CDC823A0056C045 /* ta_global.c */,
				3BE270231CDC823A0056C045 /* ta_global.h */,
				3BE270241CDC823A0056C045 /* ta_magic_nb.h */,
				3BE270251CDC823A0056C045 /* ta_memory.h */,
				3BE270261CDC823A0056C045 /* ta_pragma.h */,
				3BE270271CDC823A0056C045 /* ta_retcode.c */,
				3BE270281CDC823A0056C045 /* ta_retcode.csv */,
				3BE270291CDC823A0056C045 /* ta_version.c */,
			);
			path = ta_common;
			sourceTree = "<group>";
		};
		3BE2702A1CDC823A0056C045 /* ta_func */ = {
			isa = PBXGroup;
			children = (
				3BE2702B1CDC823A0056C045 /* ta_ACOS.c */,
				3BE2702C1CDC823A0056C045 /* ta_AD.c */,
				3BE2702D1CDC823A0056C045 /* ta_ADD.c */,
				3BE2702E1CDC823A0056C045 /* ta_ADOSC.c */,
				3BE2702F1CDC823A0056C045 /* ta_ADX.c */,
				3BE270301CDC823A0056C045 /* ta_ADXR.c */,
				3BE270311CDC823A0056C045 /* ta_APO.c */,
				3BE270321CDC823A0056C045 /* ta_AROON.c */,
				3BE270331CDC823A0056C045 /* ta_AROONOSC.c */,
				3BE270341CDC823A0056C045 /* ta_ASIN.c */,
				3BE270351CDC823A0056C045 /* ta_ATAN.c */,
				3BE270361CDC823A0056C045 /* ta_ATR.c */,
				3BE270371CDC823A0056C045 /* ta_AVGPRICE.c */,
				3BE270381CDC823A0056C045 /* ta_BBANDS.c */,
				3BE270391CDC823A0056C045 /* ta_BETA.c */,
				3BE2703A1CDC823A0056C045 /* ta_BOP.c */,
				3BE2703B1CDC823A0056C045 /* ta_CCI.c */,
				3BE2703C1CDC823A0056C045 /* ta_CDL2CROWS.c */,
				3BE2703D1CDC823A0056C045 /* ta_CDL3BLACKCROWS.c */,
				3BE2703E1CDC823A0056C045 /* ta_CDL3INSIDE.c */,
				3BE2703F1CDC823A0056C045 /* ta_CDL3LINESTRIKE.c */,
				3BE270401CDC823A0056C045 /* ta_CDL3OUTSIDE.c */,
				3BE270411CDC823A0056C045 /* ta_CDL3STARSINSOUTH.c */,
				3BE270421CDC823A0056C045 /* ta_CDL3WHITESOLDIERS.c */,
				3BE270431CDC823A0056C045 /* ta_CDLABANDONEDBABY.c */,
				3BE270441CDC823A0056C045 /* ta_CDLADVANCEBLOCK.c */,
				3BE270451CDC823A0056C045 /* ta_CDLBELTHOLD.c */,
				3BE270461CDC823A0056C045 /* ta_CDLBREAKAWAY.c */,
				3BE270471CDC823A0056C045 /* ta_CDLCLOSINGMARUBOZU.c */,
				3BE270481CDC823A0056C045 /* ta_CDLCONCEALBABYSWALL.c */,
				3BE270491CDC823A0056C045 /* ta_CDLCOUNTERATTACK.c */,
				3BE2704A1CDC823A0056C045 /* ta_CDLDARKCLOUDCOVER.c */,
				3BE2704B1CDC823A0056C045 /* ta_CDLDOJI.c */,
				3BE2704C1CDC823A0056C045 /* ta_CDLDOJISTAR.c */,
				3BE2704D1CDC823A0056C045 /* ta_CDLDRAGONFLYDOJI.c */,
				3BE2704E1CDC823A0056C045 /* ta_CDLENGULFING.c */,
				3BE2704F1CDC823A0056C045 /* ta_CDLEVENINGDOJISTAR.c */,
				3BE270501CDC823A0056C045 /* ta_CDLEVENINGSTAR.c */,
				3BE270511CDC823A0056C045 /* ta_CDLGAPSIDESIDEWHITE.c */,
				3BE270521CDC823A0056C045 /* ta_CDLGRAVESTONEDOJI.c */,
				3BE270531CDC823A0056C045 /* ta_CDLHAMMER.c */,
				3BE270541CDC823A0056C045 /* ta_CDLHANGINGMAN.c */,
				3BE270551CDC823A0056C045 /* ta_CDLHARAMI.c */,
				3BE270561CDC823A0056C045 /* ta_CDLHARAMICROSS.c */,
				3BE270571CDC823A0056C045 /* ta_CDLHIGHWAVE.c */,
				3BE270581CDC823A0056C045 /* ta_CDLHIKKAKE.c */,
				3BE270591CDC823A0056C045 /* ta_CDLHIKKAKEMOD.c */,
				3BE2705A1CDC823A0056C045 /* ta_CDLHOMINGPIGEON.c */,
				3BE2705B1CDC823A0056C045 /* ta_CDLIDENTICAL3CROWS.c */,
				3BE2705C1CDC823A0056C045 /* ta_CDLINNECK.c */,
				3BE2705D1CDC823A0056C045 /* ta_CDLINVERTEDHAMMER.c */,
				3BE2705E1CDC823A0056C045 /* ta_CDLKICKING.c */,
				3BE2705F1CDC823A0056C045 /* ta_CDLKICKINGBYLENGTH.c */,
				3BE270601CDC823A0056C045 /* ta_CDLLADDERBOTTOM.c */,
				3BE270611CDC823A0056C045 /* ta_CDLLONGLEGGEDDOJI.c */,
				3BE270621CDC823A0056C045 /* ta_CDLLONGLINE.c */,
				3BE270631CDC823A0056C045 /* ta_CDLMARUBOZU.c */,
				3BE270641CDC823A0056C045 /* ta_CDLMATCHINGLOW.c */,
				3BE270651CDC823A0056C045 /* ta_CDLMATHOLD.c */,
				3BE270661CDC823A0056C045 /* ta_CDLMORNINGDOJISTAR.c */,
				3BE270671CDC823A0056C045 /* ta_CDLMORNINGSTAR.c */,
				3BE270681CDC823A0056C045 /* ta_CDLONNECK.c */,
				3BE270691CDC823A0056C045 /* ta_CDLPIERCING.c */,
				3BE2706A1CDC823A0056C045 /* ta_CDLRICKSHAWMAN.c */,
				3BE2706B1CDC823A0056C045 /* ta_CDLRISEFALL3METHODS.c */,
				3BE2706C1CDC823A0056C045 /* ta_CDLSEPARATINGLINES.c */,
				3BE2706D1CDC823A0056C045 /* ta_CDLSHOOTINGSTAR.c */,
				3BE2706E1CDC823A0056C045 /* ta_CDLSHORTLINE.c */,
				3BE2706F1CDC823A0056C045 /* ta_CDLSPINNINGTOP.c */,
				3BE270701CDC823A0056C045 /* ta_CDLSTALLEDPATTERN.c */,
				3BE270711CDC823A0056C045 /* ta_CDLSTICKSANDWICH.c */,
				3BE270721CDC823A0056C045 /* ta_CDLTAKURI.c */,
				3BE270731CDC823A0056C045 /* ta_CDLTASUKIGAP.c */,
				3BE270741CDC823A0056C045 /* ta_CDLTHRUSTING.c */,
				3BE270751CDC823A0056C045 /* ta_CDLTRISTAR.c */,
				3BE270761CDC823A0056C045 /* ta_CDLUNIQUE3RIVER.c */,
				3BE270771CDC823A0056C045 /* ta_CDLUPSIDEGAP2CROWS.c */,
				3BE270781CDC823A0056C045 /* ta_CDLXSIDEGAP3METHODS.c */,
				3BE270791CDC823A0056C045 /* ta_CEIL.c */,
				3BE2707A1CDC823A0056C045 /* ta_CMO.c */,
				3BE2707B1CDC823A0056C045 /* ta_CORREL.c */,
				3BE2707C1CDC823A0056C045 /* ta_COS.c */,
				3BE2707D1CDC823A0056C045 /* ta_COSH.c */,
				3BE2707E1CDC823A0056C045 /* ta_DEMA.c */,
				3BE2707F1CDC823A0056C045 /* ta_DIV.c */,
				3BE270801CDC823A0056C045 /* ta_DX.c */,
				3BE270811CDC823A0056C045 /* ta_EMA.c */,
				3BE270821CDC823A0056C045 /* ta_EXP.c */,
				3BE270831CDC823A0056C045 /* ta_FLOOR.c */,
				3BE270841CDC823A0056C045 /* ta_HT_DCPERIOD.c */,
				3BE270851CDC823A0056C045 /* ta_HT_DCPHASE.c */,
				3BE270861CDC823A0056C045 /* ta_HT_PHASOR.c */,
				3BE270871CDC823A0056C045 /* ta_HT_SINE.c */,
				3BE270881CDC823A0056C045 /* ta_HT_TRENDLINE.c */,
				3BE270891CDC823A0056C045 /* ta_HT_TRENDMODE.c */,
				3BE2708A1CDC823A0056C045 /* ta_KAMA.c */,
				3BE2708B1CDC823A0056C045 /* ta_LINEARREG.c */,
				3BE2708C1CDC823A0056C045 /* ta_LINEARREG_ANGLE.c */,
				3BE2708D1CDC823A0056C045 /* ta_LINEARREG_INTERCEPT.c */,
				3BE2708E1CDC823A0056C045 /* ta_LINEARREG_SLOPE.c */,
				3BE2708F1CDC823A0056C045 /* ta_LN.c */,
				3BE270901CDC823A0056C045 /* ta_LOG10.c */,
				3BE270911CDC823A0056C045 /* ta_MA.c */,
				3BE270921CDC823A0056C045 /* ta_MACD.c */,
				3BE270931CDC823A0056C045 /* ta_MACDEXT.c */,
				3BE270941CDC823A0056C045 /* ta_MACDFIX.c */,
				3BE270951CDC823A0056C045 /* ta_MAMA.c */,
				3BE270961CDC823A0056C045 /* ta_MAVP.c */,
				3BE270971CDC823A0056C045 /* ta_MAX.c */,
				3BE270981CDC823A0056C045 /* ta_MAXINDEX.c */,
				3BE270991CDC823A0056C045 /* ta_MEDPRICE.c */,
				3BE2709A1CDC823A0056C045 /* ta_MFI.c */,
				3BE2709B1CDC823A0056C045 /* ta_MIDPOINT.c */,
				3BE2709C1CDC823A0056C045 /* ta_MIDPRICE.c */,
				3BE2709D1CDC823A0056C045 /* ta_MIN.c */,
				3BE2709E1CDC823A0056C045 /* ta_MININDEX.c */,
				3BE2709F1CDC823A0056C045 /* ta_MINMAX.c */,
				3BE270A01CDC823A0056C045 /* ta_MINMAXINDEX.c */,
				3BE270A11CDC823A0056C045 /* ta_MINUS_DI.c */,
				3BE270A21CDC823A0056C045 /* ta_MINUS_DM.c */,
				3BE270A31CDC823A0056C045 /* ta_MOM.c */,
				3BE270A41CDC823A0056C045 /* ta_MULT.c */,
				3BE270A51CDC823A0056C045 /* ta_NATR.c */,
				3BE270A61CDC823A0056C045 /* ta_NVI.c */,
				3BE270A71CDC823A0056C045 /* ta_OBV.c */,
				3BE270A81CDC823A0056C045 /* ta_PLUS_DI.c */,
				3BE270A91CDC823A0056C045 /* ta_PLUS_DM.c */,
				3BE270AA1CDC823A0056C045 /* ta_PPO.c */,
				3BE270AB1CDC823A0056C045 /* ta_PVI.c */,
				3BE270AC1CDC823A0056C045 /* ta_ROC.c */,
				3BE270AD1CDC823A0056C045 /* ta_ROCP.c */,
				3BE270AE1CDC823A0056C045 /* ta_ROCR.c */,
				3BE270AF1CDC823A0056C045 /* ta_ROCR100.c */,
				3BE270B01CDC823A0056C045 /* ta_RSI.c */,
				3BE270B11CDC823A0056C045 /* ta_SAR.c */,
				3BE270B21CDC823A0056C045 /* ta_SAREXT.c */,
				3BE270B31CDC823A0056C045 /* ta_SIN.c */,
				3BE270B41CDC823A0056C045 /* ta_SINH.c */,
				3BE270B51CDC823A0056C045 /* ta_SMA.c */,
				3BE270B61CDC823A0056C045 /* ta_SQRT.c */,
				3BE270B71CDC823A0056C045 /* ta_STDDEV.c */,
				3BE270B81CDC823A0056C045 /* ta_STOCH.c */,
				3BE270B91CDC823A0056C045 /* ta_STOCHF.c */,
				3BE270BA1CDC823A0056C045 /* ta_STOCHRSI.c */,
				3BE270BB1CDC823A0056C045 /* ta_SUB.c */,
				3BE270BC1CDC823A0056C045 /* ta_SUM.c */,
				3BE270BD1CDC823A0056C045 /* ta_T3.c */,
				3BE270BE1CDC823A0056C045 /* ta_TAN.c */,
				3BE270BF1CDC823A0056C045 /* ta_TANH.c */,
				3BE270C01CDC823A0056C045 /* ta_TEMA.c */,
				3BE270C11CDC823A0056C045 /* ta_TRANGE.c */,
				3BE270C21CDC823A0056C045 /* ta_TRIMA.c */,
				3BE270C31CDC823A0056C045 /* ta_TRIX.c */,
				3BE270C41CDC823A0056C045 /* ta_TSF.c */,
				3BE270C51CDC823A0056C045 /* ta_TYPPRICE.c */,
				3BE270C61CDC823A0056C045 /* ta_ULTOSC.c */,
				3BE270C71CDC823A0056C045 /* ta_utility.c */,
				3BE270C81CDC823A0056C045 /* ta_utility.h */,
				3BE270C91CDC823A0056C045 /* ta_VAR.c */,
				3BE270CA1CDC823A0056C045 /* ta_WCLPRICE.c */,
				3BE270CB1CDC823A0056C045 /* ta_WILLR.c */,
				3BE270CC1CDC823A0056C045 /* ta_WMA.c */,
			);
			path = ta_func;
			sourceTree = "<group>";
		};
/* End PBXGroup section */

/* Begin PBXNativeTarget section */
		3BE2700C1CDC81F80056C045 /* TA-libWrapper */ = {
			isa = PBXNativeTarget;
			buildConfigurationList = 3BE270161CDC81F80056C045 /* Build configuration list for PBXNativeTarget "TA-libWrapper" */;
			buildPhases = (
				3BE270091CDC81F80056C045 /* Sources */,
				3BE2700A1CDC81F80056C045 /* Frameworks */,
				3BE2700B1CDC81F80056C045 /* CopyFiles */,
			);
			buildRules = (
			);
			dependencies = (
			);
			name = "TA-libWrapper";
			productName = "TA-libWrapper";
			productReference = 3BE2700D1CDC81F80056C045 /* libTA-libWrapper.a */;
			productType = "com.apple.product-type.library.static";
		};
/* End PBXNativeTarget section */

/* Begin PBXProject section */
		3BE270051CDC81F80056C045 /* Project object */ = {
			isa = PBXProject;
			attributes = {
				LastUpgradeCheck = 0730;
				ORGANIZATIONNAME = limc;
				TargetAttributes = {
					3BE2700C1CDC81F80056C045 = {
						CreatedOnToolsVersion = 7.3;
					};
				};
			};
			buildConfigurationList = 3BE270081CDC81F80056C045 /* Build configuration list for PBXProject "TA-libWrapper" */;
			compatibilityVersion = "Xcode 3.2";
			developmentRegion = English;
			hasScannedForEncodings = 0;
			knownRegions = (
				en,
			);
			mainGroup = 3BE270041CDC81F80056C045;
			productRefGroup = 3BE2700E1CDC81F80056C045 /* Products */;
			projectDirPath = "";
			projectRoot = "";
			targets = (
				3BE2700C1CDC81F80056C045 /* TA-libWrapper */,
			);
		};
/* End PBXProject section */

/* Begin PBXSourcesBuildPhase section */
		3BE270091CDC81F80056C045 /* Sources */ = {
			isa = PBXSourcesBuildPhase;
			buildActionMask = 2147483647;
			files = (
				3BE270FF1CDC823A0056C045 /* ta_CDLHOMINGPIGEON.c in Sources */,
				3BE270EB1CDC823A0056C045 /* ta_CDLBREAKAWAY.c in Sources */,
				3BE271001CDC823A0056C045 /* ta_CDLIDENTICAL3CROWS.c in Sources */,
				3BE271081CDC823A0056C045 /* ta_CDLMARUBOZU.c in Sources */,
				3BE270D21CDC823A0056C045 /* ta_ADD.c in Sources */,
				3BE2716E1CDC823A0056C045 /* ta_WCLPRICE.c in Sources */,
				3BE2713C1CDC823A0056C045 /* ta_MAX.c in Sources */,
				3BE271691CDC823A0056C045 /* ta_TSF.c in Sources */,
				3BE2714E1CDC823A0056C045 /* ta_PLUS_DM.c in Sources */,
				3BE270EE1CDC823A0056C045 /* ta_CDLCOUNTERATTACK.c in Sources */,
				3BE2715B1CDC823A0056C045 /* ta_SQRT.c in Sources */,
				3BE270D91CDC823A0056C045 /* ta_ASIN.c in Sources */,
				3BE2711A1CDC823A0056C045 /* ta_CDLTRISTAR.c in Sources */,
				3BE271291CDC823A0056C045 /* ta_HT_DCPERIOD.c in Sources */,
				3BE271191CDC823A0056C045 /* ta_CDLTHRUSTING.c in Sources */,
				3BE271531CDC823A0056C045 /* ta_ROCR.c in Sources */,
				3BE2714F1CDC823A0056C045 /* ta_PPO.c in Sources */,
				3BE271351CDC823A0056C045 /* ta_LOG10.c in Sources */,
				3BE2710F1CDC823A0056C045 /* ta_CDLRICKSHAWMAN.c in Sources */,
				3BE271451CDC823A0056C045 /* ta_MINMAXINDEX.c in Sources */,
				3BE270E41CDC823A0056C045 /* ta_CDL3LINESTRIKE.c in Sources */,
				3BE271241CDC823A0056C045 /* ta_DIV.c in Sources */,
				3BE2712C1CDC823A0056C045 /* ta_HT_SINE.c in Sources */,
				3BE271561CDC823A0056C045 /* ta_SAR.c in Sources */,
				3BE271031CDC823A0056C045 /* ta_CDLKICKING.c in Sources */,
				3BE271411CDC823A0056C045 /* ta_MIDPRICE.c in Sources */,
				3BE271061CDC823A0056C045 /* ta_CDLLONGLEGGEDDOJI.c in Sources */,
				3BE271201CDC823A0056C045 /* ta_CORREL.c in Sources */,
				3BE270F61CDC823A0056C045 /* ta_CDLGAPSIDESIDEWHITE.c in Sources */,
				3BE270F91CDC823A0056C045 /* ta_CDLHANGINGMAN.c in Sources */,
				3BE2715C1CDC823A0056C045 /* ta_STDDEV.c in Sources */,
				3BE271151CDC823A0056C045 /* ta_CDLSTALLEDPATTERN.c in Sources */,
				3BE270FB1CDC823A0056C045 /* ta_CDLHARAMICROSS.c in Sources */,
				3BE271341CDC823A0056C045 /* ta_LN.c in Sources */,
				3BE2715A1CDC823A0056C045 /* ta_SMA.c in Sources */,
				3BE270F51CDC823A0056C045 /* ta_CDLEVENINGSTAR.c in Sources */,
				3BE2716C1CDC823A0056C045 /* ta_utility.c in Sources */,
				3BE271541CDC823A0056C045 /* ta_ROCR100.c in Sources */,
				3BE2710D1CDC823A0056C045 /* ta_CDLONNECK.c in Sources */,
				3BE270F21CDC823A0056C045 /* ta_CDLDRAGONFLYDOJI.c in Sources */,
				3BE270D81CDC823A0056C045 /* ta_AROONOSC.c in Sources */,
				3BE271211CDC823A0056C045 /* ta_COS.c in Sources */,
				3BE270DE1CDC823A0056C045 /* ta_BETA.c in Sources */,
				3BE271121CDC823A0056C045 /* ta_CDLSHOOTINGSTAR.c in Sources */,
				3BE270F31CDC823A0056C045 /* ta_CDLENGULFING.c in Sources */,
				3BE271461CDC823A0056C045 /* ta_MINUS_DI.c in Sources */,
				3BE270D31CDC823A0056C045 /* ta_ADOSC.c in Sources */,
				3BE271701CDC823A0056C045 /* ta_WMA.c in Sources */,
				3BE270E51CDC823A0056C045 /* ta_CDL3OUTSIDE.c in Sources */,
				3BE271091CDC823A0056C045 /* ta_CDLMATCHINGLOW.c in Sources */,
				3BE2716F1CDC823A0056C045 /* ta_WILLR.c in Sources */,
				3BE271271CDC823A0056C045 /* ta_EXP.c in Sources */,
				3BE271371CDC823A0056C045 /* ta_MACD.c in Sources */,
				3BE271251CDC823A0056C045 /* ta_DX.c in Sources */,
				3BE270DB1CDC823A0056C045 /* ta_ATR.c in Sources */,
				3BE271071CDC823A0056C045 /* ta_CDLLONGLINE.c in Sources */,
				3BE2714A1CDC823A0056C045 /* ta_NATR.c in Sources */,
				3BE2711E1CDC823A0056C045 /* ta_CEIL.c in Sources */,
				3BE270D01CDC823A0056C045 /* ta_ACOS.c in Sources */,
				3BE271571CDC823A0056C045 /* ta_SAREXT.c in Sources */,
				3BE2711B1CDC823A0056C045 /* ta_CDLUNIQUE3RIVER.c in Sources */,
				3BE270FD1CDC823A0056C045 /* ta_CDLHIKKAKE.c in Sources */,
				3BE271011CDC823A0056C045 /* ta_CDLINNECK.c in Sources */,
				3BE271431CDC823A0056C045 /* ta_MININDEX.c in Sources */,
				3BE270DD1CDC823A0056C045 /* ta_BBANDS.c in Sources */,
				3BE271511CDC823A0056C045 /* ta_ROC.c in Sources */,
				3BE2713D1CDC823A0056C045 /* ta_MAXINDEX.c in Sources */,
				3BE2710C1CDC823A0056C045 /* ta_CDLMORNINGSTAR.c in Sources */,
				3BE2715E1CDC823A0056C045 /* ta_STOCHF.c in Sources */,
				3BE271661CDC823A0056C045 /* ta_TRANGE.c in Sources */,
				3BE271301CDC823A0056C045 /* ta_LINEARREG.c in Sources */,
				3BE2711F1CDC823A0056C045 /* ta_CMO.c in Sources */,
				3BE271111CDC823A0056C045 /* ta_CDLSEPARATINGLINES.c in Sources */,
				3BE271401CDC823A0056C045 /* ta_MIDPOINT.c in Sources */,
				3BE2714C1CDC823A0056C045 /* ta_OBV.c in Sources */,
				3BE270E01CDC823A0056C045 /* ta_CCI.c in Sources */,
				3BE271521CDC823A0056C045 /* ta_ROCP.c in Sources */,
				3BE2714B1CDC823A0056C045 /* ta_NVI.c in Sources */,
				3BE2713B1CDC823A0056C045 /* ta_MAVP.c in Sources */,
				3BE271221CDC823A0056C045 /* ta_COSH.c in Sources */,
				3BE271361CDC823A0056C045 /* ta_MA.c in Sources */,
				3BE270E81CDC823A0056C045 /* ta_CDLABANDONEDBABY.c in Sources */,
				3BE271611CDC823A0056C045 /* ta_SUM.c in Sources */,
				3BE270DA1CDC823A0056C045 /* ta_ATAN.c in Sources */,
				3BE270EC1CDC823A0056C045 /* ta_CDLCLOSINGMARUBOZU.c in Sources */,
				3BE2710A1CDC823A0056C045 /* ta_CDLMATHOLD.c in Sources */,
				3BE271631CDC823A0056C045 /* ta_TAN.c in Sources */,
				3BE271581CDC823A0056C045 /* ta_SIN.c in Sources */,
				3BE271161CDC823A0056C045 /* ta_CDLSTICKSANDWICH.c in Sources */,
				3BE271501CDC823A0056C045 /* ta_PVI.c in Sources */,
				3BE271391CDC823A0056C045 /* ta_MACDFIX.c in Sources */,
				3BE2711D1CDC823A0056C045 /* ta_CDLXSIDEGAP3METHODS.c in Sources */,
				3BE270FA1CDC823A0056C045 /* ta_CDLHARAMI.c in Sources */,
				3BE271261CDC823A0056C045 /* ta_EMA.c in Sources */,
				3BE270131CDC81F80056C045 /* TA_libWrapper.m in Sources */,
				3BE271641CDC823A0056C045 /* ta_TANH.c in Sources */,
				3BE270F01CDC823A0056C045 /* ta_CDLDOJI.c in Sources */,
				3BE270E21CDC823A0056C045 /* ta_CDL3BLACKCROWS.c in Sources */,
				3BE271421CDC823A0056C045 /* ta_MIN.c in Sources */,
				3BE270CD1CDC823A0056C045 /* ta_global.c in Sources */,
				3BE271231CDC823A0056C045 /* ta_DEMA.c in Sources */,
				3BE2712F1CDC823A0056C045 /* ta_KAMA.c in Sources */,
				3BE2716A1CDC823A0056C045 /* ta_TYPPRICE.c in Sources */,
				3BE271381CDC823A0056C045 /* ta_MACDEXT.c in Sources */,
				3BE2712B1CDC823A0056C045 /* ta_HT_PHASOR.c in Sources */,
				3BE2714D1CDC823A0056C045 /* ta_PLUS_DI.c in Sources */,
				3BE271591CDC823A0056C045 /* ta_SINH.c in Sources */,
				3BE271471CDC823A0056C045 /* ta_MINUS_DM.c in Sources */,
				3BE270ED1CDC823A0056C045 /* ta_CDLCONCEALBABYSWALL.c in Sources */,
				3BE270D11CDC823A0056C045 /* ta_AD.c in Sources */,
				3BE2716B1CDC823A0056C045 /* ta_ULTOSC.c in Sources */,
				3BE2716D1CDC823A0056C045 /* ta_VAR.c in Sources */,
				3BE271181CDC823A0056C045 /* ta_CDLTASUKIGAP.c in Sources */,
				3BE270D61CDC823A0056C045 /* ta_APO.c in Sources */,
				3BE2711C1CDC823A0056C045 /* ta_CDLUPSIDEGAP2CROWS.c in Sources */,
				3BE271331CDC823A0056C045 /* ta_LINEARREG_SLOPE.c in Sources */,
				3BE271481CDC823A0056C045 /* ta_MOM.c in Sources */,
				3BE271101CDC823A0056C045 /* ta_CDLRISEFALL3METHODS.c in Sources */,
				3BE271681CDC823A0056C045 /* ta_TRIX.c in Sources */,
				3BE270EA1CDC823A0056C045 /* ta_CDLBELTHOLD.c in Sources */,
				3BE2710B1CDC823A0056C045 /* ta_CDLMORNINGDOJISTAR.c in Sources */,
				3BE271651CDC823A0056C045 /* ta_TEMA.c in Sources */,
				3BE270D41CDC823A0056C045 /* ta_ADX.c in Sources */,
				3BE270FE1CDC823A0056C045 /* ta_CDLHIKKAKEMOD.c in Sources */,
				3BE271441CDC823A0056C045 /* ta_MINMAX.c in Sources */,
				3BE2713A1CDC823A0056C045 /* ta_MAMA.c in Sources */,
				3BE270DF1CDC823A0056C045 /* ta_BOP.c in Sources */,
				3BE271311CDC823A0056C045 /* ta_LINEARREG_ANGLE.c in Sources */,
				3BE271141CDC823A0056C045 /* ta_CDLSPINNINGTOP.c in Sources */,
				3BE270DC1CDC823A0056C045 /* ta_AVGPRICE.c in Sources */,
				3BE270E61CDC823A0056C045 /* ta_CDL3STARSINSOUTH.c in Sources */,
				3BE271491CDC823A0056C045 /* ta_MULT.c in Sources */,
				3BE271601CDC823A0056C045 /* ta_SUB.c in Sources */,
				3BE2713F1CDC823A0056C045 /* ta_MFI.c in Sources */,
				3BE271551CDC823A0056C045 /* ta_RSI.c in Sources */,
				3BE270F11CDC823A0056C045 /* ta_CDLDOJISTAR.c in Sources */,
				3BE271621CDC823A0056C045 /* ta_T3.c in Sources */,
				3BE2715F1CDC823A0056C045 /* ta_STOCHRSI.c in Sources */,
				3BE270D51CDC823A0056C045 /* ta_ADXR.c in Sources */,
				3BE271171CDC823A0056C045 /* ta_CDLTAKURI.c in Sources */,
				3BE271281CDC823A0056C045 /* ta_FLOOR.c in Sources */,
				3BE271671CDC823A0056C045 /* ta_TRIMA.c in Sources */,
				3BE270F71CDC823A0056C045 /* ta_CDLGRAVESTONEDOJI.c in Sources */,
				3BE270CE1CDC823A0056C045 /* ta_retcode.c in Sources */,
				3BE271131CDC823A0056C045 /* ta_CDLSHORTLINE.c in Sources */,
				3BE270E71CDC823A0056C045 /* ta_CDL3WHITESOLDIERS.c in Sources */,
				3BE2712A1CDC823A0056C045 /* ta_HT_DCPHASE.c in Sources */,
				3BE2710E1CDC823A0056C045 /* ta_CDLPIERCING.c in Sources */,
				3BE271021CDC823A0056C045 /* ta_CDLINVERTEDHAMMER.c in Sources */,
				3BE2715D1CDC823A0056C045 /* ta_STOCH.c in Sources */,
				3BE271321CDC823A0056C045 /* ta_LINEARREG_INTERCEPT.c in Sources */,
				3BE2712E1CDC823A0056C045 /* ta_HT_TRENDMODE.c in Sources */,
				3BE270D71CDC823A0056C045 /* ta_AROON.c in Sources */,
				3BE2713E1CDC823A0056C045 /* ta_MEDPRICE.c in Sources */,
				3BE271041CDC823A0056C045 /* ta_CDLKICKINGBYLENGTH.c in Sources */,
				3BE270E11CDC823A0056C045 /* ta_CDL2CROWS.c in Sources */,
				3BE270E31CDC823A0056C045 /* ta_CDL3INSIDE.c in Sources */,
				3BE270CF1CDC823A0056C045 /* ta_version.c in Sources */,
				3BE270F41CDC823A0056C045 /* ta_CDLEVENINGDOJISTAR.c in Sources */,
				3BE270FC1CDC823A0056C045 /* ta_CDLHIGHWAVE.c in Sources */,
				3BE270EF1CDC823A0056C045 /* ta_CDLDARKCLOUDCOVER.c in Sources */,
				3BE271051CDC823A0056C045 /* ta_CDLLADDERBOTTOM.c in Sources */,
				3BE270F81CDC823A0056C045 /* ta_CDLHAMMER.c in Sources */,
				3BE2712D1CDC823A0056C045 /* ta_HT_TRENDLINE.c in Sources */,
				3BE270E91CDC823A0056C045 /* ta_CDLADVANCEBLOCK.c in Sources */,
			);
			runOnlyForDeploymentPostprocessing = 0;
		};
/* End PBXSourcesBuildPhase section */

/* Begin XCBuildConfiguration section */
		3BE270141CDC81F80056C045 /* Debug */ = {
			isa = XCBuildConfiguration;
			buildSettings = {
				ALWAYS_SEARCH_USER_PATHS = NO;
				CLANG_ANALYZER_NONNULL = YES;
				CLANG_CXX_LANGUAGE_STANDARD = "gnu++0x";
				CLANG_CXX_LIBRARY = "libc++";
				CLANG_ENABLE_MODULES = YES;
				CLANG_ENABLE_OBJC_ARC = YES;
				CLANG_WARN_BOOL_CONVERSION = YES;
				CLANG_WARN_CONSTANT_CONVERSION = YES;
				CLANG_WARN_DIRECT_OBJC_ISA_USAGE = YES_ERROR;
				CLANG_WARN_EMPTY_BODY = YES;
				CLANG_WARN_ENUM_CONVERSION = YES;
				CLANG_WARN_INT_CONVERSION = YES;
				CLANG_WARN_OBJC_ROOT_CLASS = YES_ERROR;
				CLANG_WARN_UNREACHABLE_CODE = YES;
				CLANG_WARN__DUPLICATE_METHOD_MATCH = YES;
				"CODE_SIGN_IDENTITY[sdk=iphoneos*]" = "iPhone Developer";
				COPY_PHASE_STRIP = NO;
				DEBUG_INFORMATION_FORMAT = dwarf;
				ENABLE_STRICT_OBJC_MSGSEND = YES;
				ENABLE_TESTABILITY = YES;
				GCC_C_LANGUAGE_STANDARD = gnu99;
				GCC_DYNAMIC_NO_PIC = NO;
				GCC_NO_COMMON_BLOCKS = YES;
				GCC_OPTIMIZATION_LEVEL = 0;
				GCC_PREPROCESSOR_DEFINITIONS = (
					"DEBUG=1",
					"$(inherited)",
				);
				GCC_WARN_64_TO_32_BIT_CONVERSION = YES;
				GCC_WARN_ABOUT_RETURN_TYPE = YES_ERROR;
				GCC_WARN_UNDECLARED_SELECTOR = YES;
				GCC_WARN_UNINITIALIZED_AUTOS = YES_AGGRESSIVE;
				GCC_WARN_UNUSED_FUNCTION = YES;
				GCC_WARN_UNUSED_VARIABLE = YES;
				IPHONEOS_DEPLOYMENT_TARGET = 9.3;
				MTL_ENABLE_DEBUG_INFO = YES;
				ONLY_ACTIVE_ARCH = YES;
				SDKROOT = iphoneos;
			};
			name = Debug;
		};
		3BE270151CDC81F80056C045 /* Release */ = {
			isa = XCBuildConfiguration;
			buildSettings = {
				ALWAYS_SEARCH_USER_PATHS = NO;
				CLANG_ANALYZER_NONNULL = YES;
				CLANG_CXX_LANGUAGE_STANDARD = "gnu++0x";
				CLANG_CXX_LIBRARY = "libc++";
				CLANG_ENABLE_MODULES = YES;
				CLANG_ENABLE_OBJC_ARC = YES;
				CLANG_WARN_BOOL_CONVERSION = YES;
				CLANG_WARN_CONSTANT_CONVERSION = YES;
				CLANG_WARN_DIRECT_OBJC_ISA_USAGE = YES_ERROR;
				CLANG_WARN_EMPTY_BODY = YES;
				CLANG_WARN_ENUM_CONVERSION = YES;
				CLANG_WARN_INT_CONVERSION = YES;
				CLANG_WARN_OBJC_ROOT_CLASS = YES_ERROR;
				CLANG_WARN_UNREACHABLE_CODE = YES;
				CLANG_WARN__DUPLICATE_METHOD_MATCH = YES;
				"CODE_SIGN_IDENTITY[sdk=iphoneos*]" = "iPhone Developer";
				COPY_PHASE_STRIP = NO;
				DEBUG_INFORMATION_FORMAT = "dwarf-with-dsym";
				ENABLE_NS_ASSERTIONS = NO;
				ENABLE_STRICT_OBJC_MSGSEND = YES;
				GCC_C_LANGUAGE_STANDARD = gnu99;
				GCC_NO_COMMON_BLOCKS = YES;
				GCC_WARN_64_TO_32_BIT_CONVERSION = YES;
				GCC_WARN_ABOUT_RETURN_TYPE = YES_ERROR;
				GCC_WARN_UNDECLARED_SELECTOR = YES;
				GCC_WARN_UNINITIALIZED_AUTOS = YES_AGGRESSIVE;
				GCC_WARN_UNUSED_FUNCTION = YES;
				GCC_WARN_UNUSED_VARIABLE = YES;
				IPHONEOS_DEPLOYMENT_TARGET = 9.3;
				MTL_ENABLE_DEBUG_INFO = NO;
				SDKROOT = iphoneos;
				VALIDATE_PRODUCT = YES;
			};
			name = Release;
		};
		3BE270171CDC81F80056C045 /* Debug */ = {
			isa = XCBuildConfiguration;
			buildSettings = {
				OTHER_LDFLAGS = "-ObjC";
				PRODUCT_NAME = "$(TARGET_NAME)";
				SKIP_INSTALL = YES;
			};
			name = Debug;
		};
		3BE270181CDC81F80056C045 /* Release */ = {
			isa = XCBuildConfiguration;
			buildSettings = {
				OTHER_LDFLAGS = "-ObjC";
				PRODUCT_NAME = "$(TARGET_NAME)";
				SKIP_INSTALL = YES;
			};
			name = Release;
		};
/* End XCBuildConfiguration section */

/* Begin XCConfigurationList section */
		3BE270081CDC81F80056C045 /* Build configuration list for PBXProject "TA-libWrapper" */ = {
			isa = XCConfigurationList;
			buildConfigurations = (
				3BE270141CDC81F80056C045 /* Debug */,
				3BE270151CDC81F80056C045 /* Release */,
			);
			defaultConfigurationIsVisible = 0;
			defaultConfigurationName = Release;
		};
		3BE270161CDC81F80056C045 /* Build configuration list for PBXNativeTarget "TA-libWrapper" */ = {
			isa = XCConfigurationList;
			buildConfigurations = (
				3BE270171CDC81F80056C045 /* Debug */,
				3BE270181CDC81F80056C045 /* Release */,
			);
			defaultConfigurationIsVisible = 0;
		};
/* End XCConfigurationList section */
	};
	rootObject = 3BE270051CDC81F80056C045 /* Project object */;
}
